
Microsoft Visual Studio Solution File, Format Version 12.00
# Visual Studio Version 16
VisualStudioVersion = 16.0.28803.156
MinimumVisualStudioVersion = 10.0.40219.1
Project("{FAE04EC0-301F-11D3-BF4B-00C04F79EFBC}") = "KaemikaXM.Android", "KaemikaXM\KaemikaXM.Android\KaemikaXM.Android.csproj", "{2AE950A0-CD23-46E6-80D1-94EC64B0A9A0}"
EndProject
Project("{FAE04EC0-301F-11D3-BF4B-00C04F79EFBC}") = "KaemikaXM.iOS", "KaemikaXM\KaemikaXM.iOS\KaemikaXM.iOS.csproj", "{86927398-14A5-4DCA-A132-C6C6BC37C7DE}"
EndProject
Project("{9A19103F-16F7-4668-BE54-9A1E7A4F7556}") = "KaemikaXM", "KaemikaXM\KaemikaXM\KaemikaXM.csproj", "{2CDB8675-61F3-46DA-A193-C720C207D4AF}"
EndProject
Project("{9A19103F-16F7-4668-BE54-9A1E7A4F7556}") = "Oslo", "Oslo\Oslo.csproj", "{0C946F38-472D-4878-9BD2-D790674D20A3}"
EndProject
Project("{9A19103F-16F7-4668-BE54-9A1E7A4F7556}") = "CalithaGOLD", "CalithaGOLD\CalithaGOLD.csproj", "{73E41509-C4C9-45CF-B64A-49BC2FE4C1CF}"
EndProject
Project("{9A19103F-16F7-4668-BE54-9A1E7A4F7556}") = "Kaemika", "Kaemika\Kaemika.csproj", "{9FA75239-1D60-4AEB-9BDB-2D500558F16F}"
EndProject
Project("{FAE04EC0-301F-11D3-BF4B-00C04F79EFBC}") = "KaemikaWPF", "KaemikaWPF\KaemikaWPF.csproj", "{A7F6F1BD-82F0-413E-87C2-8431A23527AF}"
EndProject
Global
	GlobalSection(SolutionConfigurationPlatforms) = preSolution
		CutRelease|Any CPU = CutRelease|Any CPU
		CutRelease|iPhone = CutRelease|iPhone
		CutRelease|iPhoneSimulator = CutRelease|iPhoneSimulator
		CutRelease|x64 = CutRelease|x64
		CutRelease|x86 = CutRelease|x86
		Debug Surface Graph Viewer|Any CPU = Debug Surface Graph Viewer|Any CPU
		Debug Surface Graph Viewer|iPhone = Debug Surface Graph Viewer|iPhone
		Debug Surface Graph Viewer|iPhoneSimulator = Debug Surface Graph Viewer|iPhoneSimulator
		Debug Surface Graph Viewer|x64 = Debug Surface Graph Viewer|x64
		Debug Surface Graph Viewer|x86 = Debug Surface Graph Viewer|x86
		Debug|Any CPU = Debug|Any CPU
		Debug|iPhone = Debug|iPhone
		Debug|iPhoneSimulator = Debug|iPhoneSimulator
		Debug|x64 = Debug|x64
		Debug|x86 = Debug|x86
		DebugDevTrace|Any CPU = DebugDevTrace|Any CPU
		DebugDevTrace|iPhone = DebugDevTrace|iPhone
		DebugDevTrace|iPhoneSimulator = DebugDevTrace|iPhoneSimulator
		DebugDevTrace|x64 = DebugDevTrace|x64
		DebugDevTrace|x86 = DebugDevTrace|x86
		DebugSurface|Any CPU = DebugSurface|Any CPU
		DebugSurface|iPhone = DebugSurface|iPhone
		DebugSurface|iPhoneSimulator = DebugSurface|iPhoneSimulator
		DebugSurface|x64 = DebugSurface|x64
		DebugSurface|x86 = DebugSurface|x86
		DebugWithoutRebuild|Any CPU = DebugWithoutRebuild|Any CPU
		DebugWithoutRebuild|iPhone = DebugWithoutRebuild|iPhone
		DebugWithoutRebuild|iPhoneSimulator = DebugWithoutRebuild|iPhoneSimulator
		DebugWithoutRebuild|x64 = DebugWithoutRebuild|x64
		DebugWithoutRebuild|x86 = DebugWithoutRebuild|x86
		MinimalMsagl|Any CPU = MinimalMsagl|Any CPU
		MinimalMsagl|iPhone = MinimalMsagl|iPhone
		MinimalMsagl|iPhoneSimulator = MinimalMsagl|iPhoneSimulator
		MinimalMsagl|x64 = MinimalMsagl|x64
		MinimalMsagl|x86 = MinimalMsagl|x86
		Release|Any CPU = Release|Any CPU
		Release|iPhone = Release|iPhone
		Release|iPhoneSimulator = Release|iPhoneSimulator
		Release|x64 = Release|x64
		Release|x86 = Release|x86
		Retail|Any CPU = Retail|Any CPU
		Retail|iPhone = Retail|iPhone
		Retail|iPhoneSimulator = Retail|iPhoneSimulator
		Retail|x64 = Retail|x64
		Retail|x86 = Retail|x86
		Setup|Any CPU = Setup|Any CPU
		Setup|iPhone = Setup|iPhone
		Setup|iPhoneSimulator = Setup|iPhoneSimulator
		Setup|x64 = Setup|x64
		Setup|x86 = Setup|x86
		Surface Graph Viewer - Debug|Any CPU = Surface Graph Viewer - Debug|Any CPU
		Surface Graph Viewer - Debug|iPhone = Surface Graph Viewer - Debug|iPhone
		Surface Graph Viewer - Debug|iPhoneSimulator = Surface Graph Viewer - Debug|iPhoneSimulator
		Surface Graph Viewer - Debug|x64 = Surface Graph Viewer - Debug|x64
		Surface Graph Viewer - Debug|x86 = Surface Graph Viewer - Debug|x86
		Surface Graph Viewer - Release|Any CPU = Surface Graph Viewer - Release|Any CPU
		Surface Graph Viewer - Release|iPhone = Surface Graph Viewer - Release|iPhone
		Surface Graph Viewer - Release|iPhoneSimulator = Surface Graph Viewer - Release|iPhoneSimulator
		Surface Graph Viewer - Release|x64 = Surface Graph Viewer - Release|x64
		Surface Graph Viewer - Release|x86 = Surface Graph Viewer - Release|x86
	EndGlobalSection
	GlobalSection(ProjectConfigurationPlatforms) = postSolution
		{2AE950A0-CD23-46E6-80D1-94EC64B0A9A0}.CutRelease|Any CPU.ActiveCfg = Release|Any CPU
		{2AE950A0-CD23-46E6-80D1-94EC64B0A9A0}.CutRelease|Any CPU.Build.0 = Release|Any CPU
		{2AE950A0-CD23-46E6-80D1-94EC64B0A9A0}.CutRelease|Any CPU.Deploy.0 = Release|Any CPU
		{2AE950A0-CD23-46E6-80D1-94EC64B0A9A0}.CutRelease|iPhone.ActiveCfg = Release|Any CPU
		{2AE950A0-CD23-46E6-80D1-94EC64B0A9A0}.CutRelease|iPhone.Build.0 = Release|Any CPU
		{2AE950A0-CD23-46E6-80D1-94EC64B0A9A0}.CutRelease|iPhone.Deploy.0 = Release|Any CPU
		{2AE950A0-CD23-46E6-80D1-94EC64B0A9A0}.CutRelease|iPhoneSimulator.ActiveCfg = Release|Any CPU
		{2AE950A0-CD23-46E6-80D1-94EC64B0A9A0}.CutRelease|iPhoneSimulator.Build.0 = Release|Any CPU
		{2AE950A0-CD23-46E6-80D1-94EC64B0A9A0}.CutRelease|iPhoneSimulator.Deploy.0 = Release|Any CPU
		{2AE950A0-CD23-46E6-80D1-94EC64B0A9A0}.CutRelease|x64.ActiveCfg = Release|Any CPU
		{2AE950A0-CD23-46E6-80D1-94EC64B0A9A0}.CutRelease|x64.Build.0 = Release|Any CPU
		{2AE950A0-CD23-46E6-80D1-94EC64B0A9A0}.CutRelease|x64.Deploy.0 = Release|Any CPU
		{2AE950A0-CD23-46E6-80D1-94EC64B0A9A0}.CutRelease|x86.ActiveCfg = Release|Any CPU
		{2AE950A0-CD23-46E6-80D1-94EC64B0A9A0}.CutRelease|x86.Build.0 = Release|Any CPU
		{2AE950A0-CD23-46E6-80D1-94EC64B0A9A0}.CutRelease|x86.Deploy.0 = Release|Any CPU
		{2AE950A0-CD23-46E6-80D1-94EC64B0A9A0}.Debug Surface Graph Viewer|Any CPU.ActiveCfg = Debug|Any CPU
		{2AE950A0-CD23-46E6-80D1-94EC64B0A9A0}.Debug Surface Graph Viewer|Any CPU.Build.0 = Debug|Any CPU
		{2AE950A0-CD23-46E6-80D1-94EC64B0A9A0}.Debug Surface Graph Viewer|Any CPU.Deploy.0 = Debug|Any CPU
		{2AE950A0-CD23-46E6-80D1-94EC64B0A9A0}.Debug Surface Graph Viewer|iPhone.ActiveCfg = Debug|Any CPU
		{2AE950A0-CD23-46E6-80D1-94EC64B0A9A0}.Debug Surface Graph Viewer|iPhone.Build.0 = Debug|Any CPU
		{2AE950A0-CD23-46E6-80D1-94EC64B0A9A0}.Debug Surface Graph Viewer|iPhone.Deploy.0 = Debug|Any CPU
		{2AE950A0-CD23-46E6-80D1-94EC64B0A9A0}.Debug Surface Graph Viewer|iPhoneSimulator.ActiveCfg = Debug|Any CPU
		{2AE950A0-CD23-46E6-80D1-94EC64B0A9A0}.Debug Surface Graph Viewer|iPhoneSimulator.Build.0 = Debug|Any CPU
		{2AE950A0-CD23-46E6-80D1-94EC64B0A9A0}.Debug Surface Graph Viewer|iPhoneSimulator.Deploy.0 = Debug|Any CPU
		{2AE950A0-CD23-46E6-80D1-94EC64B0A9A0}.Debug Surface Graph Viewer|x64.ActiveCfg = Debug|Any CPU
		{2AE950A0-CD23-46E6-80D1-94EC64B0A9A0}.Debug Surface Graph Viewer|x64.Build.0 = Debug|Any CPU
		{2AE950A0-CD23-46E6-80D1-94EC64B0A9A0}.Debug Surface Graph Viewer|x64.Deploy.0 = Debug|Any CPU
		{2AE950A0-CD23-46E6-80D1-94EC64B0A9A0}.Debug Surface Graph Viewer|x86.ActiveCfg = Debug|Any CPU
		{2AE950A0-CD23-46E6-80D1-94EC64B0A9A0}.Debug Surface Graph Viewer|x86.Build.0 = Debug|Any CPU
		{2AE950A0-CD23-46E6-80D1-94EC64B0A9A0}.Debug Surface Graph Viewer|x86.Deploy.0 = Debug|Any CPU
		{2AE950A0-CD23-46E6-80D1-94EC64B0A9A0}.Debug|Any CPU.ActiveCfg = Debug|Any CPU
		{2AE950A0-CD23-46E6-80D1-94EC64B0A9A0}.Debug|Any CPU.Build.0 = Debug|Any CPU
		{2AE950A0-CD23-46E6-80D1-94EC64B0A9A0}.Debug|Any CPU.Deploy.0 = Debug|Any CPU
		{2AE950A0-CD23-46E6-80D1-94EC64B0A9A0}.Debug|iPhone.ActiveCfg = Debug|Any CPU
		{2AE950A0-CD23-46E6-80D1-94EC64B0A9A0}.Debug|iPhone.Build.0 = Debug|Any CPU
		{2AE950A0-CD23-46E6-80D1-94EC64B0A9A0}.Debug|iPhone.Deploy.0 = Debug|Any CPU
		{2AE950A0-CD23-46E6-80D1-94EC64B0A9A0}.Debug|iPhoneSimulator.ActiveCfg = Debug|Any CPU
		{2AE950A0-CD23-46E6-80D1-94EC64B0A9A0}.Debug|iPhoneSimulator.Build.0 = Debug|Any CPU
		{2AE950A0-CD23-46E6-80D1-94EC64B0A9A0}.Debug|iPhoneSimulator.Deploy.0 = Debug|Any CPU
		{2AE950A0-CD23-46E6-80D1-94EC64B0A9A0}.Debug|x64.ActiveCfg = Debug|Any CPU
		{2AE950A0-CD23-46E6-80D1-94EC64B0A9A0}.Debug|x64.Build.0 = Debug|Any CPU
		{2AE950A0-CD23-46E6-80D1-94EC64B0A9A0}.Debug|x64.Deploy.0 = Debug|Any CPU
		{2AE950A0-CD23-46E6-80D1-94EC64B0A9A0}.Debug|x86.ActiveCfg = Debug|Any CPU
		{2AE950A0-CD23-46E6-80D1-94EC64B0A9A0}.Debug|x86.Build.0 = Debug|Any CPU
		{2AE950A0-CD23-46E6-80D1-94EC64B0A9A0}.Debug|x86.Deploy.0 = Debug|Any CPU
		{2AE950A0-CD23-46E6-80D1-94EC64B0A9A0}.DebugDevTrace|Any CPU.ActiveCfg = Debug|Any CPU
		{2AE950A0-CD23-46E6-80D1-94EC64B0A9A0}.DebugDevTrace|Any CPU.Build.0 = Debug|Any CPU
		{2AE950A0-CD23-46E6-80D1-94EC64B0A9A0}.DebugDevTrace|Any CPU.Deploy.0 = Debug|Any CPU
		{2AE950A0-CD23-46E6-80D1-94EC64B0A9A0}.DebugDevTrace|iPhone.ActiveCfg = Debug|Any CPU
		{2AE950A0-CD23-46E6-80D1-94EC64B0A9A0}.DebugDevTrace|iPhone.Build.0 = Debug|Any CPU
		{2AE950A0-CD23-46E6-80D1-94EC64B0A9A0}.DebugDevTrace|iPhone.Deploy.0 = Debug|Any CPU
		{2AE950A0-CD23-46E6-80D1-94EC64B0A9A0}.DebugDevTrace|iPhoneSimulator.ActiveCfg = Debug|Any CPU
		{2AE950A0-CD23-46E6-80D1-94EC64B0A9A0}.DebugDevTrace|iPhoneSimulator.Build.0 = Debug|Any CPU
		{2AE950A0-CD23-46E6-80D1-94EC64B0A9A0}.DebugDevTrace|iPhoneSimulator.Deploy.0 = Debug|Any CPU
		{2AE950A0-CD23-46E6-80D1-94EC64B0A9A0}.DebugDevTrace|x64.ActiveCfg = Debug|Any CPU
		{2AE950A0-CD23-46E6-80D1-94EC64B0A9A0}.DebugDevTrace|x64.Build.0 = Debug|Any CPU
		{2AE950A0-CD23-46E6-80D1-94EC64B0A9A0}.DebugDevTrace|x64.Deploy.0 = Debug|Any CPU
		{2AE950A0-CD23-46E6-80D1-94EC64B0A9A0}.DebugDevTrace|x86.ActiveCfg = Debug|Any CPU
		{2AE950A0-CD23-46E6-80D1-94EC64B0A9A0}.DebugDevTrace|x86.Build.0 = Debug|Any CPU
		{2AE950A0-CD23-46E6-80D1-94EC64B0A9A0}.DebugDevTrace|x86.Deploy.0 = Debug|Any CPU
		{2AE950A0-CD23-46E6-80D1-94EC64B0A9A0}.DebugSurface|Any CPU.ActiveCfg = Debug|Any CPU
		{2AE950A0-CD23-46E6-80D1-94EC64B0A9A0}.DebugSurface|Any CPU.Build.0 = Debug|Any CPU
		{2AE950A0-CD23-46E6-80D1-94EC64B0A9A0}.DebugSurface|Any CPU.Deploy.0 = Debug|Any CPU
		{2AE950A0-CD23-46E6-80D1-94EC64B0A9A0}.DebugSurface|iPhone.ActiveCfg = Debug|Any CPU
		{2AE950A0-CD23-46E6-80D1-94EC64B0A9A0}.DebugSurface|iPhone.Build.0 = Debug|Any CPU
		{2AE950A0-CD23-46E6-80D1-94EC64B0A9A0}.DebugSurface|iPhone.Deploy.0 = Debug|Any CPU
		{2AE950A0-CD23-46E6-80D1-94EC64B0A9A0}.DebugSurface|iPhoneSimulator.ActiveCfg = Debug|Any CPU
		{2AE950A0-CD23-46E6-80D1-94EC64B0A9A0}.DebugSurface|iPhoneSimulator.Build.0 = Debug|Any CPU
		{2AE950A0-CD23-46E6-80D1-94EC64B0A9A0}.DebugSurface|iPhoneSimulator.Deploy.0 = Debug|Any CPU
		{2AE950A0-CD23-46E6-80D1-94EC64B0A9A0}.DebugSurface|x64.ActiveCfg = Debug|Any CPU
		{2AE950A0-CD23-46E6-80D1-94EC64B0A9A0}.DebugSurface|x64.Build.0 = Debug|Any CPU
		{2AE950A0-CD23-46E6-80D1-94EC64B0A9A0}.DebugSurface|x64.Deploy.0 = Debug|Any CPU
		{2AE950A0-CD23-46E6-80D1-94EC64B0A9A0}.DebugSurface|x86.ActiveCfg = Debug|Any CPU
		{2AE950A0-CD23-46E6-80D1-94EC64B0A9A0}.DebugSurface|x86.Build.0 = Debug|Any CPU
		{2AE950A0-CD23-46E6-80D1-94EC64B0A9A0}.DebugSurface|x86.Deploy.0 = Debug|Any CPU
		{2AE950A0-CD23-46E6-80D1-94EC64B0A9A0}.DebugWithoutRebuild|Any CPU.ActiveCfg = Debug|Any CPU
		{2AE950A0-CD23-46E6-80D1-94EC64B0A9A0}.DebugWithoutRebuild|Any CPU.Build.0 = Debug|Any CPU
		{2AE950A0-CD23-46E6-80D1-94EC64B0A9A0}.DebugWithoutRebuild|Any CPU.Deploy.0 = Debug|Any CPU
		{2AE950A0-CD23-46E6-80D1-94EC64B0A9A0}.DebugWithoutRebuild|iPhone.ActiveCfg = Debug|Any CPU
		{2AE950A0-CD23-46E6-80D1-94EC64B0A9A0}.DebugWithoutRebuild|iPhone.Build.0 = Debug|Any CPU
		{2AE950A0-CD23-46E6-80D1-94EC64B0A9A0}.DebugWithoutRebuild|iPhone.Deploy.0 = Debug|Any CPU
		{2AE950A0-CD23-46E6-80D1-94EC64B0A9A0}.DebugWithoutRebuild|iPhoneSimulator.ActiveCfg = Debug|Any CPU
		{2AE950A0-CD23-46E6-80D1-94EC64B0A9A0}.DebugWithoutRebuild|iPhoneSimulator.Build.0 = Debug|Any CPU
		{2AE950A0-CD23-46E6-80D1-94EC64B0A9A0}.DebugWithoutRebuild|iPhoneSimulator.Deploy.0 = Debug|Any CPU
		{2AE950A0-CD23-46E6-80D1-94EC64B0A9A0}.DebugWithoutRebuild|x64.ActiveCfg = Debug|Any CPU
		{2AE950A0-CD23-46E6-80D1-94EC64B0A9A0}.DebugWithoutRebuild|x64.Build.0 = Debug|Any CPU
		{2AE950A0-CD23-46E6-80D1-94EC64B0A9A0}.DebugWithoutRebuild|x64.Deploy.0 = Debug|Any CPU
		{2AE950A0-CD23-46E6-80D1-94EC64B0A9A0}.DebugWithoutRebuild|x86.ActiveCfg = Debug|Any CPU
		{2AE950A0-CD23-46E6-80D1-94EC64B0A9A0}.DebugWithoutRebuild|x86.Build.0 = Debug|Any CPU
		{2AE950A0-CD23-46E6-80D1-94EC64B0A9A0}.DebugWithoutRebuild|x86.Deploy.0 = Debug|Any CPU
		{2AE950A0-CD23-46E6-80D1-94EC64B0A9A0}.MinimalMsagl|Any CPU.ActiveCfg = Release|Any CPU
		{2AE950A0-CD23-46E6-80D1-94EC64B0A9A0}.MinimalMsagl|Any CPU.Build.0 = Release|Any CPU
		{2AE950A0-CD23-46E6-80D1-94EC64B0A9A0}.MinimalMsagl|Any CPU.Deploy.0 = Release|Any CPU
		{2AE950A0-CD23-46E6-80D1-94EC64B0A9A0}.MinimalMsagl|iPhone.ActiveCfg = Release|Any CPU
		{2AE950A0-CD23-46E6-80D1-94EC64B0A9A0}.MinimalMsagl|iPhone.Build.0 = Release|Any CPU
		{2AE950A0-CD23-46E6-80D1-94EC64B0A9A0}.MinimalMsagl|iPhone.Deploy.0 = Release|Any CPU
		{2AE950A0-CD23-46E6-80D1-94EC64B0A9A0}.MinimalMsagl|iPhoneSimulator.ActiveCfg = Release|Any CPU
		{2AE950A0-CD23-46E6-80D1-94EC64B0A9A0}.MinimalMsagl|iPhoneSimulator.Build.0 = Release|Any CPU
		{2AE950A0-CD23-46E6-80D1-94EC64B0A9A0}.MinimalMsagl|iPhoneSimulator.Deploy.0 = Release|Any CPU
		{2AE950A0-CD23-46E6-80D1-94EC64B0A9A0}.MinimalMsagl|x64.ActiveCfg = Release|Any CPU
		{2AE950A0-CD23-46E6-80D1-94EC64B0A9A0}.MinimalMsagl|x64.Build.0 = Release|Any CPU
		{2AE950A0-CD23-46E6-80D1-94EC64B0A9A0}.MinimalMsagl|x64.Deploy.0 = Release|Any CPU
		{2AE950A0-CD23-46E6-80D1-94EC64B0A9A0}.MinimalMsagl|x86.ActiveCfg = Release|Any CPU
		{2AE950A0-CD23-46E6-80D1-94EC64B0A9A0}.MinimalMsagl|x86.Build.0 = Release|Any CPU
		{2AE950A0-CD23-46E6-80D1-94EC64B0A9A0}.MinimalMsagl|x86.Deploy.0 = Release|Any CPU
		{2AE950A0-CD23-46E6-80D1-94EC64B0A9A0}.Release|Any CPU.ActiveCfg = Release|Any CPU
		{2AE950A0-CD23-46E6-80D1-94EC64B0A9A0}.Release|Any CPU.Build.0 = Release|Any CPU
		{2AE950A0-CD23-46E6-80D1-94EC64B0A9A0}.Release|Any CPU.Deploy.0 = Release|Any CPU
		{2AE950A0-CD23-46E6-80D1-94EC64B0A9A0}.Release|iPhone.ActiveCfg = Release|Any CPU
		{2AE950A0-CD23-46E6-80D1-94EC64B0A9A0}.Release|iPhone.Build.0 = Release|Any CPU
		{2AE950A0-CD23-46E6-80D1-94EC64B0A9A0}.Release|iPhone.Deploy.0 = Release|Any CPU
		{2AE950A0-CD23-46E6-80D1-94EC64B0A9A0}.Release|iPhoneSimulator.ActiveCfg = Release|Any CPU
		{2AE950A0-CD23-46E6-80D1-94EC64B0A9A0}.Release|iPhoneSimulator.Build.0 = Release|Any CPU
		{2AE950A0-CD23-46E6-80D1-94EC64B0A9A0}.Release|iPhoneSimulator.Deploy.0 = Release|Any CPU
		{2AE950A0-CD23-46E6-80D1-94EC64B0A9A0}.Release|x64.ActiveCfg = Release|Any CPU
		{2AE950A0-CD23-46E6-80D1-94EC64B0A9A0}.Release|x64.Build.0 = Release|Any CPU
		{2AE950A0-CD23-46E6-80D1-94EC64B0A9A0}.Release|x64.Deploy.0 = Release|Any CPU
		{2AE950A0-CD23-46E6-80D1-94EC64B0A9A0}.Release|x86.ActiveCfg = Release|Any CPU
		{2AE950A0-CD23-46E6-80D1-94EC64B0A9A0}.Release|x86.Build.0 = Release|Any CPU
		{2AE950A0-CD23-46E6-80D1-94EC64B0A9A0}.Release|x86.Deploy.0 = Release|Any CPU
		{2AE950A0-CD23-46E6-80D1-94EC64B0A9A0}.Retail|Any CPU.ActiveCfg = Release|Any CPU
		{2AE950A0-CD23-46E6-80D1-94EC64B0A9A0}.Retail|Any CPU.Build.0 = Release|Any CPU
		{2AE950A0-CD23-46E6-80D1-94EC64B0A9A0}.Retail|Any CPU.Deploy.0 = Release|Any CPU
		{2AE950A0-CD23-46E6-80D1-94EC64B0A9A0}.Retail|iPhone.ActiveCfg = Release|Any CPU
		{2AE950A0-CD23-46E6-80D1-94EC64B0A9A0}.Retail|iPhone.Build.0 = Release|Any CPU
		{2AE950A0-CD23-46E6-80D1-94EC64B0A9A0}.Retail|iPhone.Deploy.0 = Release|Any CPU
		{2AE950A0-CD23-46E6-80D1-94EC64B0A9A0}.Retail|iPhoneSimulator.ActiveCfg = Release|Any CPU
		{2AE950A0-CD23-46E6-80D1-94EC64B0A9A0}.Retail|iPhoneSimulator.Build.0 = Release|Any CPU
		{2AE950A0-CD23-46E6-80D1-94EC64B0A9A0}.Retail|iPhoneSimulator.Deploy.0 = Release|Any CPU
		{2AE950A0-CD23-46E6-80D1-94EC64B0A9A0}.Retail|x64.ActiveCfg = Release|Any CPU
		{2AE950A0-CD23-46E6-80D1-94EC64B0A9A0}.Retail|x64.Build.0 = Release|Any CPU
		{2AE950A0-CD23-46E6-80D1-94EC64B0A9A0}.Retail|x64.Deploy.0 = Release|Any CPU
		{2AE950A0-CD23-46E6-80D1-94EC64B0A9A0}.Retail|x86.ActiveCfg = Release|Any CPU
		{2AE950A0-CD23-46E6-80D1-94EC64B0A9A0}.Retail|x86.Build.0 = Release|Any CPU
		{2AE950A0-CD23-46E6-80D1-94EC64B0A9A0}.Retail|x86.Deploy.0 = Release|Any CPU
		{2AE950A0-CD23-46E6-80D1-94EC64B0A9A0}.Setup|Any CPU.ActiveCfg = Release|Any CPU
		{2AE950A0-CD23-46E6-80D1-94EC64B0A9A0}.Setup|Any CPU.Build.0 = Release|Any CPU
		{2AE950A0-CD23-46E6-80D1-94EC64B0A9A0}.Setup|Any CPU.Deploy.0 = Release|Any CPU
		{2AE950A0-CD23-46E6-80D1-94EC64B0A9A0}.Setup|iPhone.ActiveCfg = Release|Any CPU
		{2AE950A0-CD23-46E6-80D1-94EC64B0A9A0}.Setup|iPhone.Build.0 = Release|Any CPU
		{2AE950A0-CD23-46E6-80D1-94EC64B0A9A0}.Setup|iPhone.Deploy.0 = Release|Any CPU
		{2AE950A0-CD23-46E6-80D1-94EC64B0A9A0}.Setup|iPhoneSimulator.ActiveCfg = Release|Any CPU
		{2AE950A0-CD23-46E6-80D1-94EC64B0A9A0}.Setup|iPhoneSimulator.Build.0 = Release|Any CPU
		{2AE950A0-CD23-46E6-80D1-94EC64B0A9A0}.Setup|iPhoneSimulator.Deploy.0 = Release|Any CPU
		{2AE950A0-CD23-46E6-80D1-94EC64B0A9A0}.Setup|x64.ActiveCfg = Release|Any CPU
		{2AE950A0-CD23-46E6-80D1-94EC64B0A9A0}.Setup|x64.Build.0 = Release|Any CPU
		{2AE950A0-CD23-46E6-80D1-94EC64B0A9A0}.Setup|x64.Deploy.0 = Release|Any CPU
		{2AE950A0-CD23-46E6-80D1-94EC64B0A9A0}.Setup|x86.ActiveCfg = Release|Any CPU
		{2AE950A0-CD23-46E6-80D1-94EC64B0A9A0}.Setup|x86.Build.0 = Release|Any CPU
		{2AE950A0-CD23-46E6-80D1-94EC64B0A9A0}.Setup|x86.Deploy.0 = Release|Any CPU
		{2AE950A0-CD23-46E6-80D1-94EC64B0A9A0}.Surface Graph Viewer - Debug|Any CPU.ActiveCfg = Debug|Any CPU
		{2AE950A0-CD23-46E6-80D1-94EC64B0A9A0}.Surface Graph Viewer - Debug|Any CPU.Build.0 = Debug|Any CPU
		{2AE950A0-CD23-46E6-80D1-94EC64B0A9A0}.Surface Graph Viewer - Debug|Any CPU.Deploy.0 = Debug|Any CPU
		{2AE950A0-CD23-46E6-80D1-94EC64B0A9A0}.Surface Graph Viewer - Debug|iPhone.ActiveCfg = Debug|Any CPU
		{2AE950A0-CD23-46E6-80D1-94EC64B0A9A0}.Surface Graph Viewer - Debug|iPhone.Build.0 = Debug|Any CPU
		{2AE950A0-CD23-46E6-80D1-94EC64B0A9A0}.Surface Graph Viewer - Debug|iPhone.Deploy.0 = Debug|Any CPU
		{2AE950A0-CD23-46E6-80D1-94EC64B0A9A0}.Surface Graph Viewer - Debug|iPhoneSimulator.ActiveCfg = Debug|Any CPU
		{2AE950A0-CD23-46E6-80D1-94EC64B0A9A0}.Surface Graph Viewer - Debug|iPhoneSimulator.Build.0 = Debug|Any CPU
		{2AE950A0-CD23-46E6-80D1-94EC64B0A9A0}.Surface Graph Viewer - Debug|iPhoneSimulator.Deploy.0 = Debug|Any CPU
		{2AE950A0-CD23-46E6-80D1-94EC64B0A9A0}.Surface Graph Viewer - Debug|x64.ActiveCfg = Debug|Any CPU
		{2AE950A0-CD23-46E6-80D1-94EC64B0A9A0}.Surface Graph Viewer - Debug|x64.Build.0 = Debug|Any CPU
		{2AE950A0-CD23-46E6-80D1-94EC64B0A9A0}.Surface Graph Viewer - Debug|x64.Deploy.0 = Debug|Any CPU
		{2AE950A0-CD23-46E6-80D1-94EC64B0A9A0}.Surface Graph Viewer - Debug|x86.ActiveCfg = Debug|Any CPU
		{2AE950A0-CD23-46E6-80D1-94EC64B0A9A0}.Surface Graph Viewer - Debug|x86.Build.0 = Debug|Any CPU
		{2AE950A0-CD23-46E6-80D1-94EC64B0A9A0}.Surface Graph Viewer - Debug|x86.Deploy.0 = Debug|Any CPU
		{2AE950A0-CD23-46E6-80D1-94EC64B0A9A0}.Surface Graph Viewer - Release|Any CPU.ActiveCfg = Release|Any CPU
		{2AE950A0-CD23-46E6-80D1-94EC64B0A9A0}.Surface Graph Viewer - Release|Any CPU.Build.0 = Release|Any CPU
		{2AE950A0-CD23-46E6-80D1-94EC64B0A9A0}.Surface Graph Viewer - Release|Any CPU.Deploy.0 = Release|Any CPU
		{2AE950A0-CD23-46E6-80D1-94EC64B0A9A0}.Surface Graph Viewer - Release|iPhone.ActiveCfg = Release|Any CPU
		{2AE950A0-CD23-46E6-80D1-94EC64B0A9A0}.Surface Graph Viewer - Release|iPhone.Build.0 = Release|Any CPU
		{2AE950A0-CD23-46E6-80D1-94EC64B0A9A0}.Surface Graph Viewer - Release|iPhone.Deploy.0 = Release|Any CPU
		{2AE950A0-CD23-46E6-80D1-94EC64B0A9A0}.Surface Graph Viewer - Release|iPhoneSimulator.ActiveCfg = Release|Any CPU
		{2AE950A0-CD23-46E6-80D1-94EC64B0A9A0}.Surface Graph Viewer - Release|iPhoneSimulator.Build.0 = Release|Any CPU
		{2AE950A0-CD23-46E6-80D1-94EC64B0A9A0}.Surface Graph Viewer - Release|iPhoneSimulator.Deploy.0 = Release|Any CPU
		{2AE950A0-CD23-46E6-80D1-94EC64B0A9A0}.Surface Graph Viewer - Release|x64.ActiveCfg = Release|Any CPU
		{2AE950A0-CD23-46E6-80D1-94EC64B0A9A0}.Surface Graph Viewer - Release|x64.Build.0 = Release|Any CPU
		{2AE950A0-CD23-46E6-80D1-94EC64B0A9A0}.Surface Graph Viewer - Release|x64.Deploy.0 = Release|Any CPU
		{2AE950A0-CD23-46E6-80D1-94EC64B0A9A0}.Surface Graph Viewer - Release|x86.ActiveCfg = Release|Any CPU
		{2AE950A0-CD23-46E6-80D1-94EC64B0A9A0}.Surface Graph Viewer - Release|x86.Build.0 = Release|Any CPU
		{2AE950A0-CD23-46E6-80D1-94EC64B0A9A0}.Surface Graph Viewer - Release|x86.Deploy.0 = Release|Any CPU
		{86927398-14A5-4DCA-A132-C6C6BC37C7DE}.CutRelease|Any CPU.ActiveCfg = Release|iPhoneSimulator
		{86927398-14A5-4DCA-A132-C6C6BC37C7DE}.CutRelease|Any CPU.Build.0 = Release|iPhoneSimulator
		{86927398-14A5-4DCA-A132-C6C6BC37C7DE}.CutRelease|iPhone.ActiveCfg = Release|iPhone
		{86927398-14A5-4DCA-A132-C6C6BC37C7DE}.CutRelease|iPhone.Build.0 = Release|iPhone
		{86927398-14A5-4DCA-A132-C6C6BC37C7DE}.CutRelease|iPhoneSimulator.ActiveCfg = Release|iPhoneSimulator
		{86927398-14A5-4DCA-A132-C6C6BC37C7DE}.CutRelease|iPhoneSimulator.Build.0 = Release|iPhoneSimulator
		{86927398-14A5-4DCA-A132-C6C6BC37C7DE}.CutRelease|x64.ActiveCfg = Release|iPhoneSimulator
		{86927398-14A5-4DCA-A132-C6C6BC37C7DE}.CutRelease|x64.Build.0 = Release|iPhoneSimulator
		{86927398-14A5-4DCA-A132-C6C6BC37C7DE}.CutRelease|x86.ActiveCfg = Release|iPhoneSimulator
		{86927398-14A5-4DCA-A132-C6C6BC37C7DE}.CutRelease|x86.Build.0 = Release|iPhoneSimulator
		{86927398-14A5-4DCA-A132-C6C6BC37C7DE}.Debug Surface Graph Viewer|Any CPU.ActiveCfg = Release|iPhoneSimulator
		{86927398-14A5-4DCA-A132-C6C6BC37C7DE}.Debug Surface Graph Viewer|Any CPU.Build.0 = Release|iPhoneSimulator
		{86927398-14A5-4DCA-A132-C6C6BC37C7DE}.Debug Surface Graph Viewer|iPhone.ActiveCfg = Debug|iPhone
		{86927398-14A5-4DCA-A132-C6C6BC37C7DE}.Debug Surface Graph Viewer|iPhone.Build.0 = Debug|iPhone
		{86927398-14A5-4DCA-A132-C6C6BC37C7DE}.Debug Surface Graph Viewer|iPhoneSimulator.ActiveCfg = Debug|iPhoneSimulator
		{86927398-14A5-4DCA-A132-C6C6BC37C7DE}.Debug Surface Graph Viewer|iPhoneSimulator.Build.0 = Debug|iPhoneSimulator
		{86927398-14A5-4DCA-A132-C6C6BC37C7DE}.Debug Surface Graph Viewer|x64.ActiveCfg = Release|iPhoneSimulator
		{86927398-14A5-4DCA-A132-C6C6BC37C7DE}.Debug Surface Graph Viewer|x64.Build.0 = Release|iPhoneSimulator
		{86927398-14A5-4DCA-A132-C6C6BC37C7DE}.Debug Surface Graph Viewer|x86.ActiveCfg = Release|iPhoneSimulator
		{86927398-14A5-4DCA-A132-C6C6BC37C7DE}.Debug Surface Graph Viewer|x86.Build.0 = Release|iPhoneSimulator
		{86927398-14A5-4DCA-A132-C6C6BC37C7DE}.Debug|Any CPU.ActiveCfg = Debug|iPhoneSimulator
		{86927398-14A5-4DCA-A132-C6C6BC37C7DE}.Debug|Any CPU.Build.0 = Debug|iPhoneSimulator
		{86927398-14A5-4DCA-A132-C6C6BC37C7DE}.Debug|Any CPU.Deploy.0 = Debug|iPhoneSimulator
		{86927398-14A5-4DCA-A132-C6C6BC37C7DE}.Debug|iPhone.ActiveCfg = Debug|iPhone
		{86927398-14A5-4DCA-A132-C6C6BC37C7DE}.Debug|iPhone.Build.0 = Debug|iPhone
		{86927398-14A5-4DCA-A132-C6C6BC37C7DE}.Debug|iPhone.Deploy.0 = Debug|iPhone
		{86927398-14A5-4DCA-A132-C6C6BC37C7DE}.Debug|iPhoneSimulator.ActiveCfg = Debug|iPhoneSimulator
		{86927398-14A5-4DCA-A132-C6C6BC37C7DE}.Debug|iPhoneSimulator.Build.0 = Debug|iPhoneSimulator
		{86927398-14A5-4DCA-A132-C6C6BC37C7DE}.Debug|iPhoneSimulator.Deploy.0 = Debug|iPhoneSimulator
		{86927398-14A5-4DCA-A132-C6C6BC37C7DE}.Debug|x64.ActiveCfg = Debug|iPhone
		{86927398-14A5-4DCA-A132-C6C6BC37C7DE}.Debug|x86.ActiveCfg = Debug|iPhone
		{86927398-14A5-4DCA-A132-C6C6BC37C7DE}.DebugDevTrace|Any CPU.ActiveCfg = Release|iPhoneSimulator
		{86927398-14A5-4DCA-A132-C6C6BC37C7DE}.DebugDevTrace|Any CPU.Build.0 = Release|iPhoneSimulator
		{86927398-14A5-4DCA-A132-C6C6BC37C7DE}.DebugDevTrace|iPhone.ActiveCfg = Debug|iPhone
		{86927398-14A5-4DCA-A132-C6C6BC37C7DE}.DebugDevTrace|iPhone.Build.0 = Debug|iPhone
		{86927398-14A5-4DCA-A132-C6C6BC37C7DE}.DebugDevTrace|iPhoneSimulator.ActiveCfg = Debug|iPhoneSimulator
		{86927398-14A5-4DCA-A132-C6C6BC37C7DE}.DebugDevTrace|iPhoneSimulator.Build.0 = Debug|iPhoneSimulator
		{86927398-14A5-4DCA-A132-C6C6BC37C7DE}.DebugDevTrace|x64.ActiveCfg = Release|iPhoneSimulator
		{86927398-14A5-4DCA-A132-C6C6BC37C7DE}.DebugDevTrace|x64.Build.0 = Release|iPhoneSimulator
		{86927398-14A5-4DCA-A132-C6C6BC37C7DE}.DebugDevTrace|x86.ActiveCfg = Release|iPhoneSimulator
		{86927398-14A5-4DCA-A132-C6C6BC37C7DE}.DebugDevTrace|x86.Build.0 = Release|iPhoneSimulator
		{86927398-14A5-4DCA-A132-C6C6BC37C7DE}.DebugSurface|Any CPU.ActiveCfg = Release|iPhoneSimulator
		{86927398-14A5-4DCA-A132-C6C6BC37C7DE}.DebugSurface|Any CPU.Build.0 = Release|iPhoneSimulator
		{86927398-14A5-4DCA-A132-C6C6BC37C7DE}.DebugSurface|iPhone.ActiveCfg = Debug|iPhone
		{86927398-14A5-4DCA-A132-C6C6BC37C7DE}.DebugSurface|iPhone.Build.0 = Debug|iPhone
		{86927398-14A5-4DCA-A132-C6C6BC37C7DE}.DebugSurface|iPhoneSimulator.ActiveCfg = Debug|iPhoneSimulator
		{86927398-14A5-4DCA-A132-C6C6BC37C7DE}.DebugSurface|iPhoneSimulator.Build.0 = Debug|iPhoneSimulator
		{86927398-14A5-4DCA-A132-C6C6BC37C7DE}.DebugSurface|x64.ActiveCfg = Release|iPhoneSimulator
		{86927398-14A5-4DCA-A132-C6C6BC37C7DE}.DebugSurface|x64.Build.0 = Release|iPhoneSimulator
		{86927398-14A5-4DCA-A132-C6C6BC37C7DE}.DebugSurface|x86.ActiveCfg = Release|iPhoneSimulator
		{86927398-14A5-4DCA-A132-C6C6BC37C7DE}.DebugSurface|x86.Build.0 = Release|iPhoneSimulator
		{86927398-14A5-4DCA-A132-C6C6BC37C7DE}.DebugWithoutRebuild|Any CPU.ActiveCfg = Release|iPhoneSimulator
		{86927398-14A5-4DCA-A132-C6C6BC37C7DE}.DebugWithoutRebuild|Any CPU.Build.0 = Release|iPhoneSimulator
		{86927398-14A5-4DCA-A132-C6C6BC37C7DE}.DebugWithoutRebuild|iPhone.ActiveCfg = Debug|iPhone
		{86927398-14A5-4DCA-A132-C6C6BC37C7DE}.DebugWithoutRebuild|iPhone.Build.0 = Debug|iPhone
		{86927398-14A5-4DCA-A132-C6C6BC37C7DE}.DebugWithoutRebuild|iPhoneSimulator.ActiveCfg = Debug|iPhoneSimulator
		{86927398-14A5-4DCA-A132-C6C6BC37C7DE}.DebugWithoutRebuild|iPhoneSimulator.Build.0 = Debug|iPhoneSimulator
		{86927398-14A5-4DCA-A132-C6C6BC37C7DE}.DebugWithoutRebuild|x64.ActiveCfg = Release|iPhoneSimulator
		{86927398-14A5-4DCA-A132-C6C6BC37C7DE}.DebugWithoutRebuild|x64.Build.0 = Release|iPhoneSimulator
		{86927398-14A5-4DCA-A132-C6C6BC37C7DE}.DebugWithoutRebuild|x86.ActiveCfg = Release|iPhoneSimulator
		{86927398-14A5-4DCA-A132-C6C6BC37C7DE}.DebugWithoutRebuild|x86.Build.0 = Release|iPhoneSimulator
		{86927398-14A5-4DCA-A132-C6C6BC37C7DE}.MinimalMsagl|Any CPU.ActiveCfg = Release|iPhoneSimulator
		{86927398-14A5-4DCA-A132-C6C6BC37C7DE}.MinimalMsagl|Any CPU.Build.0 = Release|iPhoneSimulator
		{86927398-14A5-4DCA-A132-C6C6BC37C7DE}.MinimalMsagl|iPhone.ActiveCfg = Release|iPhone
		{86927398-14A5-4DCA-A132-C6C6BC37C7DE}.MinimalMsagl|iPhone.Build.0 = Release|iPhone
		{86927398-14A5-4DCA-A132-C6C6BC37C7DE}.MinimalMsagl|iPhoneSimulator.ActiveCfg = Release|iPhoneSimulator
		{86927398-14A5-4DCA-A132-C6C6BC37C7DE}.MinimalMsagl|iPhoneSimulator.Build.0 = Release|iPhoneSimulator
		{86927398-14A5-4DCA-A132-C6C6BC37C7DE}.MinimalMsagl|x64.ActiveCfg = Release|iPhoneSimulator
		{86927398-14A5-4DCA-A132-C6C6BC37C7DE}.MinimalMsagl|x64.Build.0 = Release|iPhoneSimulator
		{86927398-14A5-4DCA-A132-C6C6BC37C7DE}.MinimalMsagl|x86.ActiveCfg = Release|iPhoneSimulator
		{86927398-14A5-4DCA-A132-C6C6BC37C7DE}.MinimalMsagl|x86.Build.0 = Release|iPhoneSimulator
		{86927398-14A5-4DCA-A132-C6C6BC37C7DE}.Release|Any CPU.ActiveCfg = Release|iPhone
		{86927398-14A5-4DCA-A132-C6C6BC37C7DE}.Release|Any CPU.Build.0 = Release|iPhone
		{86927398-14A5-4DCA-A132-C6C6BC37C7DE}.Release|Any CPU.Deploy.0 = Release|iPhone
		{86927398-14A5-4DCA-A132-C6C6BC37C7DE}.Release|iPhone.ActiveCfg = Release|iPhone
		{86927398-14A5-4DCA-A132-C6C6BC37C7DE}.Release|iPhone.Build.0 = Release|iPhone
		{86927398-14A5-4DCA-A132-C6C6BC37C7DE}.Release|iPhone.Deploy.0 = Release|iPhone
		{86927398-14A5-4DCA-A132-C6C6BC37C7DE}.Release|iPhoneSimulator.ActiveCfg = Release|iPhoneSimulator
		{86927398-14A5-4DCA-A132-C6C6BC37C7DE}.Release|iPhoneSimulator.Build.0 = Release|iPhoneSimulator
		{86927398-14A5-4DCA-A132-C6C6BC37C7DE}.Release|iPhoneSimulator.Deploy.0 = Release|iPhoneSimulator
		{86927398-14A5-4DCA-A132-C6C6BC37C7DE}.Release|x64.ActiveCfg = Release|iPhoneSimulator
		{86927398-14A5-4DCA-A132-C6C6BC37C7DE}.Release|x86.ActiveCfg = Release|iPhoneSimulator
		{86927398-14A5-4DCA-A132-C6C6BC37C7DE}.Retail|Any CPU.ActiveCfg = Release|iPhoneSimulator
		{86927398-14A5-4DCA-A132-C6C6BC37C7DE}.Retail|Any CPU.Build.0 = Release|iPhoneSimulator
		{86927398-14A5-4DCA-A132-C6C6BC37C7DE}.Retail|iPhone.ActiveCfg = Release|iPhone
		{86927398-14A5-4DCA-A132-C6C6BC37C7DE}.Retail|iPhone.Build.0 = Release|iPhone
		{86927398-14A5-4DCA-A132-C6C6BC37C7DE}.Retail|iPhoneSimulator.ActiveCfg = Release|iPhoneSimulator
		{86927398-14A5-4DCA-A132-C6C6BC37C7DE}.Retail|iPhoneSimulator.Build.0 = Release|iPhoneSimulator
		{86927398-14A5-4DCA-A132-C6C6BC37C7DE}.Retail|x64.ActiveCfg = Release|iPhoneSimulator
		{86927398-14A5-4DCA-A132-C6C6BC37C7DE}.Retail|x64.Build.0 = Release|iPhoneSimulator
		{86927398-14A5-4DCA-A132-C6C6BC37C7DE}.Retail|x86.ActiveCfg = Release|iPhoneSimulator
		{86927398-14A5-4DCA-A132-C6C6BC37C7DE}.Retail|x86.Build.0 = Release|iPhoneSimulator
		{86927398-14A5-4DCA-A132-C6C6BC37C7DE}.Setup|Any CPU.ActiveCfg = Release|iPhoneSimulator
		{86927398-14A5-4DCA-A132-C6C6BC37C7DE}.Setup|Any CPU.Build.0 = Release|iPhoneSimulator
		{86927398-14A5-4DCA-A132-C6C6BC37C7DE}.Setup|iPhone.ActiveCfg = Release|iPhone
		{86927398-14A5-4DCA-A132-C6C6BC37C7DE}.Setup|iPhone.Build.0 = Release|iPhone
		{86927398-14A5-4DCA-A132-C6C6BC37C7DE}.Setup|iPhoneSimulator.ActiveCfg = Release|iPhoneSimulator
		{86927398-14A5-4DCA-A132-C6C6BC37C7DE}.Setup|iPhoneSimulator.Build.0 = Release|iPhoneSimulator
		{86927398-14A5-4DCA-A132-C6C6BC37C7DE}.Setup|x64.ActiveCfg = Release|iPhoneSimulator
		{86927398-14A5-4DCA-A132-C6C6BC37C7DE}.Setup|x64.Build.0 = Release|iPhoneSimulator
		{86927398-14A5-4DCA-A132-C6C6BC37C7DE}.Setup|x86.ActiveCfg = Release|iPhoneSimulator
		{86927398-14A5-4DCA-A132-C6C6BC37C7DE}.Setup|x86.Build.0 = Release|iPhoneSimulator
		{86927398-14A5-4DCA-A132-C6C6BC37C7DE}.Surface Graph Viewer - Debug|Any CPU.ActiveCfg = Release|iPhoneSimulator
		{86927398-14A5-4DCA-A132-C6C6BC37C7DE}.Surface Graph Viewer - Debug|Any CPU.Build.0 = Release|iPhoneSimulator
		{86927398-14A5-4DCA-A132-C6C6BC37C7DE}.Surface Graph Viewer - Debug|iPhone.ActiveCfg = Debug|iPhone
		{86927398-14A5-4DCA-A132-C6C6BC37C7DE}.Surface Graph Viewer - Debug|iPhone.Build.0 = Debug|iPhone
		{86927398-14A5-4DCA-A132-C6C6BC37C7DE}.Surface Graph Viewer - Debug|iPhoneSimulator.ActiveCfg = Debug|iPhoneSimulator
		{86927398-14A5-4DCA-A132-C6C6BC37C7DE}.Surface Graph Viewer - Debug|iPhoneSimulator.Build.0 = Debug|iPhoneSimulator
		{86927398-14A5-4DCA-A132-C6C6BC37C7DE}.Surface Graph Viewer - Debug|x64.ActiveCfg = Release|iPhoneSimulator
		{86927398-14A5-4DCA-A132-C6C6BC37C7DE}.Surface Graph Viewer - Debug|x64.Build.0 = Release|iPhoneSimulator
		{86927398-14A5-4DCA-A132-C6C6BC37C7DE}.Surface Graph Viewer - Debug|x86.ActiveCfg = Release|iPhoneSimulator
		{86927398-14A5-4DCA-A132-C6C6BC37C7DE}.Surface Graph Viewer - Debug|x86.Build.0 = Release|iPhoneSimulator
		{86927398-14A5-4DCA-A132-C6C6BC37C7DE}.Surface Graph Viewer - Release|Any CPU.ActiveCfg = Release|iPhoneSimulator
		{86927398-14A5-4DCA-A132-C6C6BC37C7DE}.Surface Graph Viewer - Release|Any CPU.Build.0 = Release|iPhoneSimulator
		{86927398-14A5-4DCA-A132-C6C6BC37C7DE}.Surface Graph Viewer - Release|iPhone.ActiveCfg = Release|iPhone
		{86927398-14A5-4DCA-A132-C6C6BC37C7DE}.Surface Graph Viewer - Release|iPhone.Build.0 = Release|iPhone
		{86927398-14A5-4DCA-A132-C6C6BC37C7DE}.Surface Graph Viewer - Release|iPhoneSimulator.ActiveCfg = Release|iPhoneSimulator
		{86927398-14A5-4DCA-A132-C6C6BC37C7DE}.Surface Graph Viewer - Release|iPhoneSimulator.Build.0 = Release|iPhoneSimulator
		{86927398-14A5-4DCA-A132-C6C6BC37C7DE}.Surface Graph Viewer - Release|x64.ActiveCfg = Release|iPhoneSimulator
		{86927398-14A5-4DCA-A132-C6C6BC37C7DE}.Surface Graph Viewer - Release|x64.Build.0 = Release|iPhoneSimulator
		{86927398-14A5-4DCA-A132-C6C6BC37C7DE}.Surface Graph Viewer - Release|x86.ActiveCfg = Release|iPhoneSimulator
		{86927398-14A5-4DCA-A132-C6C6BC37C7DE}.Surface Graph Viewer - Release|x86.Build.0 = Release|iPhoneSimulator
		{2CDB8675-61F3-46DA-A193-C720C207D4AF}.CutRelease|Any CPU.ActiveCfg = Release|Any CPU
		{2CDB8675-61F3-46DA-A193-C720C207D4AF}.CutRelease|Any CPU.Build.0 = Release|Any CPU
		{2CDB8675-61F3-46DA-A193-C720C207D4AF}.CutRelease|iPhone.ActiveCfg = Release|Any CPU
		{2CDB8675-61F3-46DA-A193-C720C207D4AF}.CutRelease|iPhone.Build.0 = Release|Any CPU
		{2CDB8675-61F3-46DA-A193-C720C207D4AF}.CutRelease|iPhoneSimulator.ActiveCfg = Release|Any CPU
		{2CDB8675-61F3-46DA-A193-C720C207D4AF}.CutRelease|iPhoneSimulator.Build.0 = Release|Any CPU
		{2CDB8675-61F3-46DA-A193-C720C207D4AF}.CutRelease|x64.ActiveCfg = Release|Any CPU
		{2CDB8675-61F3-46DA-A193-C720C207D4AF}.CutRelease|x64.Build.0 = Release|Any CPU
		{2CDB8675-61F3-46DA-A193-C720C207D4AF}.CutRelease|x86.ActiveCfg = Release|Any CPU
		{2CDB8675-61F3-46DA-A193-C720C207D4AF}.CutRelease|x86.Build.0 = Release|Any CPU
		{2CDB8675-61F3-46DA-A193-C720C207D4AF}.Debug Surface Graph Viewer|Any CPU.ActiveCfg = Debug|Any CPU
		{2CDB8675-61F3-46DA-A193-C720C207D4AF}.Debug Surface Graph Viewer|Any CPU.Build.0 = Debug|Any CPU
		{2CDB8675-61F3-46DA-A193-C720C207D4AF}.Debug Surface Graph Viewer|iPhone.ActiveCfg = Debug|Any CPU
		{2CDB8675-61F3-46DA-A193-C720C207D4AF}.Debug Surface Graph Viewer|iPhone.Build.0 = Debug|Any CPU
		{2CDB8675-61F3-46DA-A193-C720C207D4AF}.Debug Surface Graph Viewer|iPhoneSimulator.ActiveCfg = Debug|Any CPU
		{2CDB8675-61F3-46DA-A193-C720C207D4AF}.Debug Surface Graph Viewer|iPhoneSimulator.Build.0 = Debug|Any CPU
		{2CDB8675-61F3-46DA-A193-C720C207D4AF}.Debug Surface Graph Viewer|x64.ActiveCfg = Debug|Any CPU
		{2CDB8675-61F3-46DA-A193-C720C207D4AF}.Debug Surface Graph Viewer|x64.Build.0 = Debug|Any CPU
		{2CDB8675-61F3-46DA-A193-C720C207D4AF}.Debug Surface Graph Viewer|x86.ActiveCfg = Debug|Any CPU
		{2CDB8675-61F3-46DA-A193-C720C207D4AF}.Debug Surface Graph Viewer|x86.Build.0 = Debug|Any CPU
		{2CDB8675-61F3-46DA-A193-C720C207D4AF}.Debug|Any CPU.ActiveCfg = Debug|Any CPU
		{2CDB8675-61F3-46DA-A193-C720C207D4AF}.Debug|Any CPU.Build.0 = Debug|Any CPU
		{2CDB8675-61F3-46DA-A193-C720C207D4AF}.Debug|Any CPU.Deploy.0 = Debug|Any CPU
		{2CDB8675-61F3-46DA-A193-C720C207D4AF}.Debug|iPhone.ActiveCfg = Debug|Any CPU
		{2CDB8675-61F3-46DA-A193-C720C207D4AF}.Debug|iPhone.Build.0 = Debug|Any CPU
		{2CDB8675-61F3-46DA-A193-C720C207D4AF}.Debug|iPhone.Deploy.0 = Debug|Any CPU
		{2CDB8675-61F3-46DA-A193-C720C207D4AF}.Debug|iPhoneSimulator.ActiveCfg = Debug|Any CPU
		{2CDB8675-61F3-46DA-A193-C720C207D4AF}.Debug|iPhoneSimulator.Build.0 = Debug|Any CPU
		{2CDB8675-61F3-46DA-A193-C720C207D4AF}.Debug|iPhoneSimulator.Deploy.0 = Debug|Any CPU
		{2CDB8675-61F3-46DA-A193-C720C207D4AF}.Debug|x64.ActiveCfg = Debug|Any CPU
		{2CDB8675-61F3-46DA-A193-C720C207D4AF}.Debug|x64.Build.0 = Debug|Any CPU
		{2CDB8675-61F3-46DA-A193-C720C207D4AF}.Debug|x86.ActiveCfg = Debug|Any CPU
		{2CDB8675-61F3-46DA-A193-C720C207D4AF}.Debug|x86.Build.0 = Debug|Any CPU
		{2CDB8675-61F3-46DA-A193-C720C207D4AF}.DebugDevTrace|Any CPU.ActiveCfg = Debug|Any CPU
		{2CDB8675-61F3-46DA-A193-C720C207D4AF}.DebugDevTrace|Any CPU.Build.0 = Debug|Any CPU
		{2CDB8675-61F3-46DA-A193-C720C207D4AF}.DebugDevTrace|iPhone.ActiveCfg = Debug|Any CPU
		{2CDB8675-61F3-46DA-A193-C720C207D4AF}.DebugDevTrace|iPhone.Build.0 = Debug|Any CPU
		{2CDB8675-61F3-46DA-A193-C720C207D4AF}.DebugDevTrace|iPhoneSimulator.ActiveCfg = Debug|Any CPU
		{2CDB8675-61F3-46DA-A193-C720C207D4AF}.DebugDevTrace|iPhoneSimulator.Build.0 = Debug|Any CPU
		{2CDB8675-61F3-46DA-A193-C720C207D4AF}.DebugDevTrace|x64.ActiveCfg = Debug|Any CPU
		{2CDB8675-61F3-46DA-A193-C720C207D4AF}.DebugDevTrace|x64.Build.0 = Debug|Any CPU
		{2CDB8675-61F3-46DA-A193-C720C207D4AF}.DebugDevTrace|x86.ActiveCfg = Debug|Any CPU
		{2CDB8675-61F3-46DA-A193-C720C207D4AF}.DebugDevTrace|x86.Build.0 = Debug|Any CPU
		{2CDB8675-61F3-46DA-A193-C720C207D4AF}.DebugSurface|Any CPU.ActiveCfg = Debug|Any CPU
		{2CDB8675-61F3-46DA-A193-C720C207D4AF}.DebugSurface|Any CPU.Build.0 = Debug|Any CPU
		{2CDB8675-61F3-46DA-A193-C720C207D4AF}.DebugSurface|iPhone.ActiveCfg = Debug|Any CPU
		{2CDB8675-61F3-46DA-A193-C720C207D4AF}.DebugSurface|iPhone.Build.0 = Debug|Any CPU
		{2CDB8675-61F3-46DA-A193-C720C207D4AF}.DebugSurface|iPhoneSimulator.ActiveCfg = Debug|Any CPU
		{2CDB8675-61F3-46DA-A193-C720C207D4AF}.DebugSurface|iPhoneSimulator.Build.0 = Debug|Any CPU
		{2CDB8675-61F3-46DA-A193-C720C207D4AF}.DebugSurface|x64.ActiveCfg = Debug|Any CPU
		{2CDB8675-61F3-46DA-A193-C720C207D4AF}.DebugSurface|x64.Build.0 = Debug|Any CPU
		{2CDB8675-61F3-46DA-A193-C720C207D4AF}.DebugSurface|x86.ActiveCfg = Debug|Any CPU
		{2CDB8675-61F3-46DA-A193-C720C207D4AF}.DebugSurface|x86.Build.0 = Debug|Any CPU
		{2CDB8675-61F3-46DA-A193-C720C207D4AF}.DebugWithoutRebuild|Any CPU.ActiveCfg = Debug|Any CPU
		{2CDB8675-61F3-46DA-A193-C720C207D4AF}.DebugWithoutRebuild|Any CPU.Build.0 = Debug|Any CPU
		{2CDB8675-61F3-46DA-A193-C720C207D4AF}.DebugWithoutRebuild|iPhone.ActiveCfg = Debug|Any CPU
		{2CDB8675-61F3-46DA-A193-C720C207D4AF}.DebugWithoutRebuild|iPhone.Build.0 = Debug|Any CPU
		{2CDB8675-61F3-46DA-A193-C720C207D4AF}.DebugWithoutRebuild|iPhoneSimulator.ActiveCfg = Debug|Any CPU
		{2CDB8675-61F3-46DA-A193-C720C207D4AF}.DebugWithoutRebuild|iPhoneSimulator.Build.0 = Debug|Any CPU
		{2CDB8675-61F3-46DA-A193-C720C207D4AF}.DebugWithoutRebuild|x64.ActiveCfg = Debug|Any CPU
		{2CDB8675-61F3-46DA-A193-C720C207D4AF}.DebugWithoutRebuild|x64.Build.0 = Debug|Any CPU
		{2CDB8675-61F3-46DA-A193-C720C207D4AF}.DebugWithoutRebuild|x86.ActiveCfg = Debug|Any CPU
		{2CDB8675-61F3-46DA-A193-C720C207D4AF}.DebugWithoutRebuild|x86.Build.0 = Debug|Any CPU
		{2CDB8675-61F3-46DA-A193-C720C207D4AF}.MinimalMsagl|Any CPU.ActiveCfg = Release|Any CPU
		{2CDB8675-61F3-46DA-A193-C720C207D4AF}.MinimalMsagl|Any CPU.Build.0 = Release|Any CPU
		{2CDB8675-61F3-46DA-A193-C720C207D4AF}.MinimalMsagl|iPhone.ActiveCfg = Release|Any CPU
		{2CDB8675-61F3-46DA-A193-C720C207D4AF}.MinimalMsagl|iPhone.Build.0 = Release|Any CPU
		{2CDB8675-61F3-46DA-A193-C720C207D4AF}.MinimalMsagl|iPhoneSimulator.ActiveCfg = Release|Any CPU
		{2CDB8675-61F3-46DA-A193-C720C207D4AF}.MinimalMsagl|iPhoneSimulator.Build.0 = Release|Any CPU
		{2CDB8675-61F3-46DA-A193-C720C207D4AF}.MinimalMsagl|x64.ActiveCfg = Release|Any CPU
		{2CDB8675-61F3-46DA-A193-C720C207D4AF}.MinimalMsagl|x64.Build.0 = Release|Any CPU
		{2CDB8675-61F3-46DA-A193-C720C207D4AF}.MinimalMsagl|x86.ActiveCfg = Release|Any CPU
		{2CDB8675-61F3-46DA-A193-C720C207D4AF}.MinimalMsagl|x86.Build.0 = Release|Any CPU
		{2CDB8675-61F3-46DA-A193-C720C207D4AF}.Release|Any CPU.ActiveCfg = Release|Any CPU
		{2CDB8675-61F3-46DA-A193-C720C207D4AF}.Release|Any CPU.Build.0 = Release|Any CPU
		{2CDB8675-61F3-46DA-A193-C720C207D4AF}.Release|Any CPU.Deploy.0 = Release|Any CPU
		{2CDB8675-61F3-46DA-A193-C720C207D4AF}.Release|iPhone.ActiveCfg = Release|Any CPU
		{2CDB8675-61F3-46DA-A193-C720C207D4AF}.Release|iPhone.Build.0 = Release|Any CPU
		{2CDB8675-61F3-46DA-A193-C720C207D4AF}.Release|iPhone.Deploy.0 = Release|Any CPU
		{2CDB8675-61F3-46DA-A193-C720C207D4AF}.Release|iPhoneSimulator.ActiveCfg = Release|Any CPU
		{2CDB8675-61F3-46DA-A193-C720C207D4AF}.Release|iPhoneSimulator.Build.0 = Release|Any CPU
		{2CDB8675-61F3-46DA-A193-C720C207D4AF}.Release|iPhoneSimulator.Deploy.0 = Release|Any CPU
		{2CDB8675-61F3-46DA-A193-C720C207D4AF}.Release|x64.ActiveCfg = Release|Any CPU
		{2CDB8675-61F3-46DA-A193-C720C207D4AF}.Release|x64.Build.0 = Release|Any CPU
		{2CDB8675-61F3-46DA-A193-C720C207D4AF}.Release|x86.ActiveCfg = Release|Any CPU
		{2CDB8675-61F3-46DA-A193-C720C207D4AF}.Release|x86.Build.0 = Release|Any CPU
		{2CDB8675-61F3-46DA-A193-C720C207D4AF}.Retail|Any CPU.ActiveCfg = Release|Any CPU
		{2CDB8675-61F3-46DA-A193-C720C207D4AF}.Retail|Any CPU.Build.0 = Release|Any CPU
		{2CDB8675-61F3-46DA-A193-C720C207D4AF}.Retail|iPhone.ActiveCfg = Release|Any CPU
		{2CDB8675-61F3-46DA-A193-C720C207D4AF}.Retail|iPhone.Build.0 = Release|Any CPU
		{2CDB8675-61F3-46DA-A193-C720C207D4AF}.Retail|iPhoneSimulator.ActiveCfg = Release|Any CPU
		{2CDB8675-61F3-46DA-A193-C720C207D4AF}.Retail|iPhoneSimulator.Build.0 = Release|Any CPU
		{2CDB8675-61F3-46DA-A193-C720C207D4AF}.Retail|x64.ActiveCfg = Release|Any CPU
		{2CDB8675-61F3-46DA-A193-C720C207D4AF}.Retail|x64.Build.0 = Release|Any CPU
		{2CDB8675-61F3-46DA-A193-C720C207D4AF}.Retail|x86.ActiveCfg = Release|Any CPU
		{2CDB8675-61F3-46DA-A193-C720C207D4AF}.Retail|x86.Build.0 = Release|Any CPU
		{2CDB8675-61F3-46DA-A193-C720C207D4AF}.Setup|Any CPU.ActiveCfg = Release|Any CPU
		{2CDB8675-61F3-46DA-A193-C720C207D4AF}.Setup|Any CPU.Build.0 = Release|Any CPU
		{2CDB8675-61F3-46DA-A193-C720C207D4AF}.Setup|iPhone.ActiveCfg = Release|Any CPU
		{2CDB8675-61F3-46DA-A193-C720C207D4AF}.Setup|iPhone.Build.0 = Release|Any CPU
		{2CDB8675-61F3-46DA-A193-C720C207D4AF}.Setup|iPhoneSimulator.ActiveCfg = Release|Any CPU
		{2CDB8675-61F3-46DA-A193-C720C207D4AF}.Setup|iPhoneSimulator.Build.0 = Release|Any CPU
		{2CDB8675-61F3-46DA-A193-C720C207D4AF}.Setup|x64.ActiveCfg = Release|Any CPU
		{2CDB8675-61F3-46DA-A193-C720C207D4AF}.Setup|x64.Build.0 = Release|Any CPU
		{2CDB8675-61F3-46DA-A193-C720C207D4AF}.Setup|x86.ActiveCfg = Release|Any CPU
		{2CDB8675-61F3-46DA-A193-C720C207D4AF}.Setup|x86.Build.0 = Release|Any CPU
		{2CDB8675-61F3-46DA-A193-C720C207D4AF}.Surface Graph Viewer - Debug|Any CPU.ActiveCfg = Debug|Any CPU
		{2CDB8675-61F3-46DA-A193-C720C207D4AF}.Surface Graph Viewer - Debug|Any CPU.Build.0 = Debug|Any CPU
		{2CDB8675-61F3-46DA-A193-C720C207D4AF}.Surface Graph Viewer - Debug|iPhone.ActiveCfg = Debug|Any CPU
		{2CDB8675-61F3-46DA-A193-C720C207D4AF}.Surface Graph Viewer - Debug|iPhone.Build.0 = Debug|Any CPU
		{2CDB8675-61F3-46DA-A193-C720C207D4AF}.Surface Graph Viewer - Debug|iPhoneSimulator.ActiveCfg = Debug|Any CPU
		{2CDB8675-61F3-46DA-A193-C720C207D4AF}.Surface Graph Viewer - Debug|iPhoneSimulator.Build.0 = Debug|Any CPU
		{2CDB8675-61F3-46DA-A193-C720C207D4AF}.Surface Graph Viewer - Debug|x64.ActiveCfg = Debug|Any CPU
		{2CDB8675-61F3-46DA-A193-C720C207D4AF}.Surface Graph Viewer - Debug|x64.Build.0 = Debug|Any CPU
		{2CDB8675-61F3-46DA-A193-C720C207D4AF}.Surface Graph Viewer - Debug|x86.ActiveCfg = Debug|Any CPU
		{2CDB8675-61F3-46DA-A193-C720C207D4AF}.Surface Graph Viewer - Debug|x86.Build.0 = Debug|Any CPU
		{2CDB8675-61F3-46DA-A193-C720C207D4AF}.Surface Graph Viewer - Release|Any CPU.ActiveCfg = Release|Any CPU
		{2CDB8675-61F3-46DA-A193-C720C207D4AF}.Surface Graph Viewer - Release|Any CPU.Build.0 = Release|Any CPU
		{2CDB8675-61F3-46DA-A193-C720C207D4AF}.Surface Graph Viewer - Release|iPhone.ActiveCfg = Release|Any CPU
		{2CDB8675-61F3-46DA-A193-C720C207D4AF}.Surface Graph Viewer - Release|iPhone.Build.0 = Release|Any CPU
		{2CDB8675-61F3-46DA-A193-C720C207D4AF}.Surface Graph Viewer - Release|iPhoneSimulator.ActiveCfg = Release|Any CPU
		{2CDB8675-61F3-46DA-A193-C720C207D4AF}.Surface Graph Viewer - Release|iPhoneSimulator.Build.0 = Release|Any CPU
		{2CDB8675-61F3-46DA-A193-C720C207D4AF}.Surface Graph Viewer - Release|x64.ActiveCfg = Release|Any CPU
		{2CDB8675-61F3-46DA-A193-C720C207D4AF}.Surface Graph Viewer - Release|x64.Build.0 = Release|Any CPU
		{2CDB8675-61F3-46DA-A193-C720C207D4AF}.Surface Graph Viewer - Release|x86.ActiveCfg = Release|Any CPU
		{2CDB8675-61F3-46DA-A193-C720C207D4AF}.Surface Graph Viewer - Release|x86.Build.0 = Release|Any CPU
		{0C946F38-472D-4878-9BD2-D790674D20A3}.CutRelease|Any CPU.ActiveCfg = Release|Any CPU
		{0C946F38-472D-4878-9BD2-D790674D20A3}.CutRelease|Any CPU.Build.0 = Release|Any CPU
		{0C946F38-472D-4878-9BD2-D790674D20A3}.CutRelease|iPhone.ActiveCfg = Release|Any CPU
		{0C946F38-472D-4878-9BD2-D790674D20A3}.CutRelease|iPhone.Build.0 = Release|Any CPU
		{0C946F38-472D-4878-9BD2-D790674D20A3}.CutRelease|iPhoneSimulator.ActiveCfg = Release|Any CPU
		{0C946F38-472D-4878-9BD2-D790674D20A3}.CutRelease|iPhoneSimulator.Build.0 = Release|Any CPU
		{0C946F38-472D-4878-9BD2-D790674D20A3}.CutRelease|x64.ActiveCfg = Release|Any CPU
		{0C946F38-472D-4878-9BD2-D790674D20A3}.CutRelease|x64.Build.0 = Release|Any CPU
		{0C946F38-472D-4878-9BD2-D790674D20A3}.CutRelease|x86.ActiveCfg = Release|Any CPU
		{0C946F38-472D-4878-9BD2-D790674D20A3}.CutRelease|x86.Build.0 = Release|Any CPU
		{0C946F38-472D-4878-9BD2-D790674D20A3}.Debug Surface Graph Viewer|Any CPU.ActiveCfg = Debug|Any CPU
		{0C946F38-472D-4878-9BD2-D790674D20A3}.Debug Surface Graph Viewer|Any CPU.Build.0 = Debug|Any CPU
		{0C946F38-472D-4878-9BD2-D790674D20A3}.Debug Surface Graph Viewer|iPhone.ActiveCfg = Debug|Any CPU
		{0C946F38-472D-4878-9BD2-D790674D20A3}.Debug Surface Graph Viewer|iPhone.Build.0 = Debug|Any CPU
		{0C946F38-472D-4878-9BD2-D790674D20A3}.Debug Surface Graph Viewer|iPhoneSimulator.ActiveCfg = Debug|Any CPU
		{0C946F38-472D-4878-9BD2-D790674D20A3}.Debug Surface Graph Viewer|iPhoneSimulator.Build.0 = Debug|Any CPU
		{0C946F38-472D-4878-9BD2-D790674D20A3}.Debug Surface Graph Viewer|x64.ActiveCfg = Debug|Any CPU
		{0C946F38-472D-4878-9BD2-D790674D20A3}.Debug Surface Graph Viewer|x64.Build.0 = Debug|Any CPU
		{0C946F38-472D-4878-9BD2-D790674D20A3}.Debug Surface Graph Viewer|x86.ActiveCfg = Debug|Any CPU
		{0C946F38-472D-4878-9BD2-D790674D20A3}.Debug Surface Graph Viewer|x86.Build.0 = Debug|Any CPU
		{0C946F38-472D-4878-9BD2-D790674D20A3}.Debug|Any CPU.ActiveCfg = Debug|Any CPU
		{0C946F38-472D-4878-9BD2-D790674D20A3}.Debug|Any CPU.Build.0 = Debug|Any CPU
		{0C946F38-472D-4878-9BD2-D790674D20A3}.Debug|iPhone.ActiveCfg = Debug|Any CPU
		{0C946F38-472D-4878-9BD2-D790674D20A3}.Debug|iPhone.Build.0 = Debug|Any CPU
		{0C946F38-472D-4878-9BD2-D790674D20A3}.Debug|iPhoneSimulator.ActiveCfg = Debug|Any CPU
		{0C946F38-472D-4878-9BD2-D790674D20A3}.Debug|iPhoneSimulator.Build.0 = Debug|Any CPU
		{0C946F38-472D-4878-9BD2-D790674D20A3}.Debug|x64.ActiveCfg = Debug|Any CPU
		{0C946F38-472D-4878-9BD2-D790674D20A3}.Debug|x64.Build.0 = Debug|Any CPU
		{0C946F38-472D-4878-9BD2-D790674D20A3}.Debug|x86.ActiveCfg = Debug|Any CPU
		{0C946F38-472D-4878-9BD2-D790674D20A3}.Debug|x86.Build.0 = Debug|Any CPU
		{0C946F38-472D-4878-9BD2-D790674D20A3}.DebugDevTrace|Any CPU.ActiveCfg = Debug|Any CPU
		{0C946F38-472D-4878-9BD2-D790674D20A3}.DebugDevTrace|Any CPU.Build.0 = Debug|Any CPU
		{0C946F38-472D-4878-9BD2-D790674D20A3}.DebugDevTrace|iPhone.ActiveCfg = Debug|Any CPU
		{0C946F38-472D-4878-9BD2-D790674D20A3}.DebugDevTrace|iPhone.Build.0 = Debug|Any CPU
		{0C946F38-472D-4878-9BD2-D790674D20A3}.DebugDevTrace|iPhoneSimulator.ActiveCfg = Debug|Any CPU
		{0C946F38-472D-4878-9BD2-D790674D20A3}.DebugDevTrace|iPhoneSimulator.Build.0 = Debug|Any CPU
		{0C946F38-472D-4878-9BD2-D790674D20A3}.DebugDevTrace|x64.ActiveCfg = Debug|Any CPU
		{0C946F38-472D-4878-9BD2-D790674D20A3}.DebugDevTrace|x64.Build.0 = Debug|Any CPU
		{0C946F38-472D-4878-9BD2-D790674D20A3}.DebugDevTrace|x86.ActiveCfg = Debug|Any CPU
		{0C946F38-472D-4878-9BD2-D790674D20A3}.DebugDevTrace|x86.Build.0 = Debug|Any CPU
		{0C946F38-472D-4878-9BD2-D790674D20A3}.DebugSurface|Any CPU.ActiveCfg = Debug|Any CPU
		{0C946F38-472D-4878-9BD2-D790674D20A3}.DebugSurface|Any CPU.Build.0 = Debug|Any CPU
		{0C946F38-472D-4878-9BD2-D790674D20A3}.DebugSurface|iPhone.ActiveCfg = Debug|Any CPU
		{0C946F38-472D-4878-9BD2-D790674D20A3}.DebugSurface|iPhone.Build.0 = Debug|Any CPU
		{0C946F38-472D-4878-9BD2-D790674D20A3}.DebugSurface|iPhoneSimulator.ActiveCfg = Debug|Any CPU
		{0C946F38-472D-4878-9BD2-D790674D20A3}.DebugSurface|iPhoneSimulator.Build.0 = Debug|Any CPU
		{0C946F38-472D-4878-9BD2-D790674D20A3}.DebugSurface|x64.ActiveCfg = Debug|Any CPU
		{0C946F38-472D-4878-9BD2-D790674D20A3}.DebugSurface|x64.Build.0 = Debug|Any CPU
		{0C946F38-472D-4878-9BD2-D790674D20A3}.DebugSurface|x86.ActiveCfg = Debug|Any CPU
		{0C946F38-472D-4878-9BD2-D790674D20A3}.DebugSurface|x86.Build.0 = Debug|Any CPU
		{0C946F38-472D-4878-9BD2-D790674D20A3}.DebugWithoutRebuild|Any CPU.ActiveCfg = Debug|Any CPU
		{0C946F38-472D-4878-9BD2-D790674D20A3}.DebugWithoutRebuild|Any CPU.Build.0 = Debug|Any CPU
		{0C946F38-472D-4878-9BD2-D790674D20A3}.DebugWithoutRebuild|iPhone.ActiveCfg = Debug|Any CPU
		{0C946F38-472D-4878-9BD2-D790674D20A3}.DebugWithoutRebuild|iPhone.Build.0 = Debug|Any CPU
		{0C946F38-472D-4878-9BD2-D790674D20A3}.DebugWithoutRebuild|iPhoneSimulator.ActiveCfg = Debug|Any CPU
		{0C946F38-472D-4878-9BD2-D790674D20A3}.DebugWithoutRebuild|iPhoneSimulator.Build.0 = Debug|Any CPU
		{0C946F38-472D-4878-9BD2-D790674D20A3}.DebugWithoutRebuild|x64.ActiveCfg = Debug|Any CPU
		{0C946F38-472D-4878-9BD2-D790674D20A3}.DebugWithoutRebuild|x64.Build.0 = Debug|Any CPU
		{0C946F38-472D-4878-9BD2-D790674D20A3}.DebugWithoutRebuild|x86.ActiveCfg = Debug|Any CPU
		{0C946F38-472D-4878-9BD2-D790674D20A3}.DebugWithoutRebuild|x86.Build.0 = Debug|Any CPU
		{0C946F38-472D-4878-9BD2-D790674D20A3}.MinimalMsagl|Any CPU.ActiveCfg = Release|Any CPU
		{0C946F38-472D-4878-9BD2-D790674D20A3}.MinimalMsagl|Any CPU.Build.0 = Release|Any CPU
		{0C946F38-472D-4878-9BD2-D790674D20A3}.MinimalMsagl|iPhone.ActiveCfg = Release|Any CPU
		{0C946F38-472D-4878-9BD2-D790674D20A3}.MinimalMsagl|iPhone.Build.0 = Release|Any CPU
		{0C946F38-472D-4878-9BD2-D790674D20A3}.MinimalMsagl|iPhoneSimulator.ActiveCfg = Release|Any CPU
		{0C946F38-472D-4878-9BD2-D790674D20A3}.MinimalMsagl|iPhoneSimulator.Build.0 = Release|Any CPU
		{0C946F38-472D-4878-9BD2-D790674D20A3}.MinimalMsagl|x64.ActiveCfg = Release|Any CPU
		{0C946F38-472D-4878-9BD2-D790674D20A3}.MinimalMsagl|x64.Build.0 = Release|Any CPU
		{0C946F38-472D-4878-9BD2-D790674D20A3}.MinimalMsagl|x86.ActiveCfg = Release|Any CPU
		{0C946F38-472D-4878-9BD2-D790674D20A3}.MinimalMsagl|x86.Build.0 = Release|Any CPU
		{0C946F38-472D-4878-9BD2-D790674D20A3}.Release|Any CPU.ActiveCfg = Release|Any CPU
		{0C946F38-472D-4878-9BD2-D790674D20A3}.Release|Any CPU.Build.0 = Release|Any CPU
		{0C946F38-472D-4878-9BD2-D790674D20A3}.Release|iPhone.ActiveCfg = Release|Any CPU
		{0C946F38-472D-4878-9BD2-D790674D20A3}.Release|iPhone.Build.0 = Release|Any CPU
		{0C946F38-472D-4878-9BD2-D790674D20A3}.Release|iPhoneSimulator.ActiveCfg = Release|Any CPU
		{0C946F38-472D-4878-9BD2-D790674D20A3}.Release|iPhoneSimulator.Build.0 = Release|Any CPU
		{0C946F38-472D-4878-9BD2-D790674D20A3}.Release|x64.ActiveCfg = Release|Any CPU
		{0C946F38-472D-4878-9BD2-D790674D20A3}.Release|x64.Build.0 = Release|Any CPU
		{0C946F38-472D-4878-9BD2-D790674D20A3}.Release|x86.ActiveCfg = Release|Any CPU
		{0C946F38-472D-4878-9BD2-D790674D20A3}.Release|x86.Build.0 = Release|Any CPU
		{0C946F38-472D-4878-9BD2-D790674D20A3}.Retail|Any CPU.ActiveCfg = Release|Any CPU
		{0C946F38-472D-4878-9BD2-D790674D20A3}.Retail|Any CPU.Build.0 = Release|Any CPU
		{0C946F38-472D-4878-9BD2-D790674D20A3}.Retail|iPhone.ActiveCfg = Release|Any CPU
		{0C946F38-472D-4878-9BD2-D790674D20A3}.Retail|iPhone.Build.0 = Release|Any CPU
		{0C946F38-472D-4878-9BD2-D790674D20A3}.Retail|iPhoneSimulator.ActiveCfg = Release|Any CPU
		{0C946F38-472D-4878-9BD2-D790674D20A3}.Retail|iPhoneSimulator.Build.0 = Release|Any CPU
		{0C946F38-472D-4878-9BD2-D790674D20A3}.Retail|x64.ActiveCfg = Release|Any CPU
		{0C946F38-472D-4878-9BD2-D790674D20A3}.Retail|x64.Build.0 = Release|Any CPU
		{0C946F38-472D-4878-9BD2-D790674D20A3}.Retail|x86.ActiveCfg = Release|Any CPU
		{0C946F38-472D-4878-9BD2-D790674D20A3}.Retail|x86.Build.0 = Release|Any CPU
		{0C946F38-472D-4878-9BD2-D790674D20A3}.Setup|Any CPU.ActiveCfg = Release|Any CPU
		{0C946F38-472D-4878-9BD2-D790674D20A3}.Setup|Any CPU.Build.0 = Release|Any CPU
		{0C946F38-472D-4878-9BD2-D790674D20A3}.Setup|iPhone.ActiveCfg = Release|Any CPU
		{0C946F38-472D-4878-9BD2-D790674D20A3}.Setup|iPhone.Build.0 = Release|Any CPU
		{0C946F38-472D-4878-9BD2-D790674D20A3}.Setup|iPhoneSimulator.ActiveCfg = Release|Any CPU
		{0C946F38-472D-4878-9BD2-D790674D20A3}.Setup|iPhoneSimulator.Build.0 = Release|Any CPU
		{0C946F38-472D-4878-9BD2-D790674D20A3}.Setup|x64.ActiveCfg = Release|Any CPU
		{0C946F38-472D-4878-9BD2-D790674D20A3}.Setup|x64.Build.0 = Release|Any CPU
		{0C946F38-472D-4878-9BD2-D790674D20A3}.Setup|x86.ActiveCfg = Release|Any CPU
		{0C946F38-472D-4878-9BD2-D790674D20A3}.Setup|x86.Build.0 = Release|Any CPU
		{0C946F38-472D-4878-9BD2-D790674D20A3}.Surface Graph Viewer - Debug|Any CPU.ActiveCfg = Debug|Any CPU
		{0C946F38-472D-4878-9BD2-D790674D20A3}.Surface Graph Viewer - Debug|Any CPU.Build.0 = Debug|Any CPU
		{0C946F38-472D-4878-9BD2-D790674D20A3}.Surface Graph Viewer - Debug|iPhone.ActiveCfg = Debug|Any CPU
		{0C946F38-472D-4878-9BD2-D790674D20A3}.Surface Graph Viewer - Debug|iPhone.Build.0 = Debug|Any CPU
		{0C946F38-472D-4878-9BD2-D790674D20A3}.Surface Graph Viewer - Debug|iPhoneSimulator.ActiveCfg = Debug|Any CPU
		{0C946F38-472D-4878-9BD2-D790674D20A3}.Surface Graph Viewer - Debug|iPhoneSimulator.Build.0 = Debug|Any CPU
		{0C946F38-472D-4878-9BD2-D790674D20A3}.Surface Graph Viewer - Debug|x64.ActiveCfg = Debug|Any CPU
		{0C946F38-472D-4878-9BD2-D790674D20A3}.Surface Graph Viewer - Debug|x64.Build.0 = Debug|Any CPU
		{0C946F38-472D-4878-9BD2-D790674D20A3}.Surface Graph Viewer - Debug|x86.ActiveCfg = Debug|Any CPU
		{0C946F38-472D-4878-9BD2-D790674D20A3}.Surface Graph Viewer - Debug|x86.Build.0 = Debug|Any CPU
		{0C946F38-472D-4878-9BD2-D790674D20A3}.Surface Graph Viewer - Release|Any CPU.ActiveCfg = Release|Any CPU
		{0C946F38-472D-4878-9BD2-D790674D20A3}.Surface Graph Viewer - Release|Any CPU.Build.0 = Release|Any CPU
		{0C946F38-472D-4878-9BD2-D790674D20A3}.Surface Graph Viewer - Release|iPhone.ActiveCfg = Release|Any CPU
		{0C946F38-472D-4878-9BD2-D790674D20A3}.Surface Graph Viewer - Release|iPhone.Build.0 = Release|Any CPU
		{0C946F38-472D-4878-9BD2-D790674D20A3}.Surface Graph Viewer - Release|iPhoneSimulator.ActiveCfg = Release|Any CPU
		{0C946F38-472D-4878-9BD2-D790674D20A3}.Surface Graph Viewer - Release|iPhoneSimulator.Build.0 = Release|Any CPU
		{0C946F38-472D-4878-9BD2-D790674D20A3}.Surface Graph Viewer - Release|x64.ActiveCfg = Release|Any CPU
		{0C946F38-472D-4878-9BD2-D790674D20A3}.Surface Graph Viewer - Release|x64.Build.0 = Release|Any CPU
		{0C946F38-472D-4878-9BD2-D790674D20A3}.Surface Graph Viewer - Release|x86.ActiveCfg = Release|Any CPU
		{0C946F38-472D-4878-9BD2-D790674D20A3}.Surface Graph Viewer - Release|x86.Build.0 = Release|Any CPU
		{73E41509-C4C9-45CF-B64A-49BC2FE4C1CF}.CutRelease|Any CPU.ActiveCfg = Release|Any CPU
		{73E41509-C4C9-45CF-B64A-49BC2FE4C1CF}.CutRelease|Any CPU.Build.0 = Release|Any CPU
		{73E41509-C4C9-45CF-B64A-49BC2FE4C1CF}.CutRelease|iPhone.ActiveCfg = Release|Any CPU
		{73E41509-C4C9-45CF-B64A-49BC2FE4C1CF}.CutRelease|iPhone.Build.0 = Release|Any CPU
		{73E41509-C4C9-45CF-B64A-49BC2FE4C1CF}.CutRelease|iPhoneSimulator.ActiveCfg = Release|Any CPU
		{73E41509-C4C9-45CF-B64A-49BC2FE4C1CF}.CutRelease|iPhoneSimulator.Build.0 = Release|Any CPU
		{73E41509-C4C9-45CF-B64A-49BC2FE4C1CF}.CutRelease|x64.ActiveCfg = Release|Any CPU
		{73E41509-C4C9-45CF-B64A-49BC2FE4C1CF}.CutRelease|x64.Build.0 = Release|Any CPU
		{73E41509-C4C9-45CF-B64A-49BC2FE4C1CF}.CutRelease|x86.ActiveCfg = Release|Any CPU
		{73E41509-C4C9-45CF-B64A-49BC2FE4C1CF}.CutRelease|x86.Build.0 = Release|Any CPU
		{73E41509-C4C9-45CF-B64A-49BC2FE4C1CF}.Debug Surface Graph Viewer|Any CPU.ActiveCfg = Debug|Any CPU
		{73E41509-C4C9-45CF-B64A-49BC2FE4C1CF}.Debug Surface Graph Viewer|Any CPU.Build.0 = Debug|Any CPU
		{73E41509-C4C9-45CF-B64A-49BC2FE4C1CF}.Debug Surface Graph Viewer|iPhone.ActiveCfg = Debug|Any CPU
		{73E41509-C4C9-45CF-B64A-49BC2FE4C1CF}.Debug Surface Graph Viewer|iPhone.Build.0 = Debug|Any CPU
		{73E41509-C4C9-45CF-B64A-49BC2FE4C1CF}.Debug Surface Graph Viewer|iPhoneSimulator.ActiveCfg = Debug|Any CPU
		{73E41509-C4C9-45CF-B64A-49BC2FE4C1CF}.Debug Surface Graph Viewer|iPhoneSimulator.Build.0 = Debug|Any CPU
		{73E41509-C4C9-45CF-B64A-49BC2FE4C1CF}.Debug Surface Graph Viewer|x64.ActiveCfg = Debug|Any CPU
		{73E41509-C4C9-45CF-B64A-49BC2FE4C1CF}.Debug Surface Graph Viewer|x64.Build.0 = Debug|Any CPU
		{73E41509-C4C9-45CF-B64A-49BC2FE4C1CF}.Debug Surface Graph Viewer|x86.ActiveCfg = Debug|Any CPU
		{73E41509-C4C9-45CF-B64A-49BC2FE4C1CF}.Debug Surface Graph Viewer|x86.Build.0 = Debug|Any CPU
		{73E41509-C4C9-45CF-B64A-49BC2FE4C1CF}.Debug|Any CPU.ActiveCfg = Debug|Any CPU
		{73E41509-C4C9-45CF-B64A-49BC2FE4C1CF}.Debug|Any CPU.Build.0 = Debug|Any CPU
		{73E41509-C4C9-45CF-B64A-49BC2FE4C1CF}.Debug|iPhone.ActiveCfg = Debug|Any CPU
		{73E41509-C4C9-45CF-B64A-49BC2FE4C1CF}.Debug|iPhone.Build.0 = Debug|Any CPU
		{73E41509-C4C9-45CF-B64A-49BC2FE4C1CF}.Debug|iPhoneSimulator.ActiveCfg = Debug|Any CPU
		{73E41509-C4C9-45CF-B64A-49BC2FE4C1CF}.Debug|iPhoneSimulator.Build.0 = Debug|Any CPU
		{73E41509-C4C9-45CF-B64A-49BC2FE4C1CF}.Debug|x64.ActiveCfg = Debug|Any CPU
		{73E41509-C4C9-45CF-B64A-49BC2FE4C1CF}.Debug|x64.Build.0 = Debug|Any CPU
		{73E41509-C4C9-45CF-B64A-49BC2FE4C1CF}.Debug|x86.ActiveCfg = Debug|Any CPU
		{73E41509-C4C9-45CF-B64A-49BC2FE4C1CF}.Debug|x86.Build.0 = Debug|Any CPU
		{73E41509-C4C9-45CF-B64A-49BC2FE4C1CF}.DebugDevTrace|Any CPU.ActiveCfg = Debug|Any CPU
		{73E41509-C4C9-45CF-B64A-49BC2FE4C1CF}.DebugDevTrace|Any CPU.Build.0 = Debug|Any CPU
		{73E41509-C4C9-45CF-B64A-49BC2FE4C1CF}.DebugDevTrace|iPhone.ActiveCfg = Debug|Any CPU
		{73E41509-C4C9-45CF-B64A-49BC2FE4C1CF}.DebugDevTrace|iPhone.Build.0 = Debug|Any CPU
		{73E41509-C4C9-45CF-B64A-49BC2FE4C1CF}.DebugDevTrace|iPhoneSimulator.ActiveCfg = Debug|Any CPU
		{73E41509-C4C9-45CF-B64A-49BC2FE4C1CF}.DebugDevTrace|iPhoneSimulator.Build.0 = Debug|Any CPU
		{73E41509-C4C9-45CF-B64A-49BC2FE4C1CF}.DebugDevTrace|x64.ActiveCfg = Debug|Any CPU
		{73E41509-C4C9-45CF-B64A-49BC2FE4C1CF}.DebugDevTrace|x64.Build.0 = Debug|Any CPU
		{73E41509-C4C9-45CF-B64A-49BC2FE4C1CF}.DebugDevTrace|x86.ActiveCfg = Debug|Any CPU
		{73E41509-C4C9-45CF-B64A-49BC2FE4C1CF}.DebugDevTrace|x86.Build.0 = Debug|Any CPU
		{73E41509-C4C9-45CF-B64A-49BC2FE4C1CF}.DebugSurface|Any CPU.ActiveCfg = Debug|Any CPU
		{73E41509-C4C9-45CF-B64A-49BC2FE4C1CF}.DebugSurface|Any CPU.Build.0 = Debug|Any CPU
		{73E41509-C4C9-45CF-B64A-49BC2FE4C1CF}.DebugSurface|iPhone.ActiveCfg = Debug|Any CPU
		{73E41509-C4C9-45CF-B64A-49BC2FE4C1CF}.DebugSurface|iPhone.Build.0 = Debug|Any CPU
		{73E41509-C4C9-45CF-B64A-49BC2FE4C1CF}.DebugSurface|iPhoneSimulator.ActiveCfg = Debug|Any CPU
		{73E41509-C4C9-45CF-B64A-49BC2FE4C1CF}.DebugSurface|iPhoneSimulator.Build.0 = Debug|Any CPU
		{73E41509-C4C9-45CF-B64A-49BC2FE4C1CF}.DebugSurface|x64.ActiveCfg = Debug|Any CPU
		{73E41509-C4C9-45CF-B64A-49BC2FE4C1CF}.DebugSurface|x64.Build.0 = Debug|Any CPU
		{73E41509-C4C9-45CF-B64A-49BC2FE4C1CF}.DebugSurface|x86.ActiveCfg = Debug|Any CPU
		{73E41509-C4C9-45CF-B64A-49BC2FE4C1CF}.DebugSurface|x86.Build.0 = Debug|Any CPU
		{73E41509-C4C9-45CF-B64A-49BC2FE4C1CF}.DebugWithoutRebuild|Any CPU.ActiveCfg = Debug|Any CPU
		{73E41509-C4C9-45CF-B64A-49BC2FE4C1CF}.DebugWithoutRebuild|Any CPU.Build.0 = Debug|Any CPU
		{73E41509-C4C9-45CF-B64A-49BC2FE4C1CF}.DebugWithoutRebuild|iPhone.ActiveCfg = Debug|Any CPU
		{73E41509-C4C9-45CF-B64A-49BC2FE4C1CF}.DebugWithoutRebuild|iPhone.Build.0 = Debug|Any CPU
		{73E41509-C4C9-45CF-B64A-49BC2FE4C1CF}.DebugWithoutRebuild|iPhoneSimulator.ActiveCfg = Debug|Any CPU
		{73E41509-C4C9-45CF-B64A-49BC2FE4C1CF}.DebugWithoutRebuild|iPhoneSimulator.Build.0 = Debug|Any CPU
		{73E41509-C4C9-45CF-B64A-49BC2FE4C1CF}.DebugWithoutRebuild|x64.ActiveCfg = Debug|Any CPU
		{73E41509-C4C9-45CF-B64A-49BC2FE4C1CF}.DebugWithoutRebuild|x64.Build.0 = Debug|Any CPU
		{73E41509-C4C9-45CF-B64A-49BC2FE4C1CF}.DebugWithoutRebuild|x86.ActiveCfg = Debug|Any CPU
		{73E41509-C4C9-45CF-B64A-49BC2FE4C1CF}.DebugWithoutRebuild|x86.Build.0 = Debug|Any CPU
		{73E41509-C4C9-45CF-B64A-49BC2FE4C1CF}.MinimalMsagl|Any CPU.ActiveCfg = Release|Any CPU
		{73E41509-C4C9-45CF-B64A-49BC2FE4C1CF}.MinimalMsagl|Any CPU.Build.0 = Release|Any CPU
		{73E41509-C4C9-45CF-B64A-49BC2FE4C1CF}.MinimalMsagl|iPhone.ActiveCfg = Release|Any CPU
		{73E41509-C4C9-45CF-B64A-49BC2FE4C1CF}.MinimalMsagl|iPhone.Build.0 = Release|Any CPU
		{73E41509-C4C9-45CF-B64A-49BC2FE4C1CF}.MinimalMsagl|iPhoneSimulator.ActiveCfg = Release|Any CPU
		{73E41509-C4C9-45CF-B64A-49BC2FE4C1CF}.MinimalMsagl|iPhoneSimulator.Build.0 = Release|Any CPU
		{73E41509-C4C9-45CF-B64A-49BC2FE4C1CF}.MinimalMsagl|x64.ActiveCfg = Release|Any CPU
		{73E41509-C4C9-45CF-B64A-49BC2FE4C1CF}.MinimalMsagl|x64.Build.0 = Release|Any CPU
		{73E41509-C4C9-45CF-B64A-49BC2FE4C1CF}.MinimalMsagl|x86.ActiveCfg = Release|Any CPU
		{73E41509-C4C9-45CF-B64A-49BC2FE4C1CF}.MinimalMsagl|x86.Build.0 = Release|Any CPU
		{73E41509-C4C9-45CF-B64A-49BC2FE4C1CF}.Release|Any CPU.ActiveCfg = Release|Any CPU
		{73E41509-C4C9-45CF-B64A-49BC2FE4C1CF}.Release|Any CPU.Build.0 = Release|Any CPU
		{73E41509-C4C9-45CF-B64A-49BC2FE4C1CF}.Release|iPhone.ActiveCfg = Release|Any CPU
		{73E41509-C4C9-45CF-B64A-49BC2FE4C1CF}.Release|iPhone.Build.0 = Release|Any CPU
		{73E41509-C4C9-45CF-B64A-49BC2FE4C1CF}.Release|iPhoneSimulator.ActiveCfg = Release|Any CPU
		{73E41509-C4C9-45CF-B64A-49BC2FE4C1CF}.Release|iPhoneSimulator.Build.0 = Release|Any CPU
		{73E41509-C4C9-45CF-B64A-49BC2FE4C1CF}.Release|x64.ActiveCfg = Release|Any CPU
		{73E41509-C4C9-45CF-B64A-49BC2FE4C1CF}.Release|x64.Build.0 = Release|Any CPU
		{73E41509-C4C9-45CF-B64A-49BC2FE4C1CF}.Release|x86.ActiveCfg = Release|Any CPU
		{73E41509-C4C9-45CF-B64A-49BC2FE4C1CF}.Release|x86.Build.0 = Release|Any CPU
		{73E41509-C4C9-45CF-B64A-49BC2FE4C1CF}.Retail|Any CPU.ActiveCfg = Release|Any CPU
		{73E41509-C4C9-45CF-B64A-49BC2FE4C1CF}.Retail|Any CPU.Build.0 = Release|Any CPU
		{73E41509-C4C9-45CF-B64A-49BC2FE4C1CF}.Retail|iPhone.ActiveCfg = Release|Any CPU
		{73E41509-C4C9-45CF-B64A-49BC2FE4C1CF}.Retail|iPhone.Build.0 = Release|Any CPU
		{73E41509-C4C9-45CF-B64A-49BC2FE4C1CF}.Retail|iPhoneSimulator.ActiveCfg = Release|Any CPU
		{73E41509-C4C9-45CF-B64A-49BC2FE4C1CF}.Retail|iPhoneSimulator.Build.0 = Release|Any CPU
		{73E41509-C4C9-45CF-B64A-49BC2FE4C1CF}.Retail|x64.ActiveCfg = Release|Any CPU
		{73E41509-C4C9-45CF-B64A-49BC2FE4C1CF}.Retail|x64.Build.0 = Release|Any CPU
		{73E41509-C4C9-45CF-B64A-49BC2FE4C1CF}.Retail|x86.ActiveCfg = Release|Any CPU
		{73E41509-C4C9-45CF-B64A-49BC2FE4C1CF}.Retail|x86.Build.0 = Release|Any CPU
		{73E41509-C4C9-45CF-B64A-49BC2FE4C1CF}.Setup|Any CPU.ActiveCfg = Release|Any CPU
		{73E41509-C4C9-45CF-B64A-49BC2FE4C1CF}.Setup|Any CPU.Build.0 = Release|Any CPU
		{73E41509-C4C9-45CF-B64A-49BC2FE4C1CF}.Setup|iPhone.ActiveCfg = Release|Any CPU
		{73E41509-C4C9-45CF-B64A-49BC2FE4C1CF}.Setup|iPhone.Build.0 = Release|Any CPU
		{73E41509-C4C9-45CF-B64A-49BC2FE4C1CF}.Setup|iPhoneSimulator.ActiveCfg = Release|Any CPU
		{73E41509-C4C9-45CF-B64A-49BC2FE4C1CF}.Setup|iPhoneSimulator.Build.0 = Release|Any CPU
		{73E41509-C4C9-45CF-B64A-49BC2FE4C1CF}.Setup|x64.ActiveCfg = Release|Any CPU
		{73E41509-C4C9-45CF-B64A-49BC2FE4C1CF}.Setup|x64.Build.0 = Release|Any CPU
		{73E41509-C4C9-45CF-B64A-49BC2FE4C1CF}.Setup|x86.ActiveCfg = Release|Any CPU
		{73E41509-C4C9-45CF-B64A-49BC2FE4C1CF}.Setup|x86.Build.0 = Release|Any CPU
		{73E41509-C4C9-45CF-B64A-49BC2FE4C1CF}.Surface Graph Viewer - Debug|Any CPU.ActiveCfg = Debug|Any CPU
		{73E41509-C4C9-45CF-B64A-49BC2FE4C1CF}.Surface Graph Viewer - Debug|Any CPU.Build.0 = Debug|Any CPU
		{73E41509-C4C9-45CF-B64A-49BC2FE4C1CF}.Surface Graph Viewer - Debug|iPhone.ActiveCfg = Debug|Any CPU
		{73E41509-C4C9-45CF-B64A-49BC2FE4C1CF}.Surface Graph Viewer - Debug|iPhone.Build.0 = Debug|Any CPU
		{73E41509-C4C9-45CF-B64A-49BC2FE4C1CF}.Surface Graph Viewer - Debug|iPhoneSimulator.ActiveCfg = Debug|Any CPU
		{73E41509-C4C9-45CF-B64A-49BC2FE4C1CF}.Surface Graph Viewer - Debug|iPhoneSimulator.Build.0 = Debug|Any CPU
		{73E41509-C4C9-45CF-B64A-49BC2FE4C1CF}.Surface Graph Viewer - Debug|x64.ActiveCfg = Debug|Any CPU
		{73E41509-C4C9-45CF-B64A-49BC2FE4C1CF}.Surface Graph Viewer - Debug|x64.Build.0 = Debug|Any CPU
		{73E41509-C4C9-45CF-B64A-49BC2FE4C1CF}.Surface Graph Viewer - Debug|x86.ActiveCfg = Debug|Any CPU
		{73E41509-C4C9-45CF-B64A-49BC2FE4C1CF}.Surface Graph Viewer - Debug|x86.Build.0 = Debug|Any CPU
		{73E41509-C4C9-45CF-B64A-49BC2FE4C1CF}.Surface Graph Viewer - Release|Any CPU.ActiveCfg = Release|Any CPU
		{73E41509-C4C9-45CF-B64A-49BC2FE4C1CF}.Surface Graph Viewer - Release|Any CPU.Build.0 = Release|Any CPU
		{73E41509-C4C9-45CF-B64A-49BC2FE4C1CF}.Surface Graph Viewer - Release|iPhone.ActiveCfg = Release|Any CPU
		{73E41509-C4C9-45CF-B64A-49BC2FE4C1CF}.Surface Graph Viewer - Release|iPhone.Build.0 = Release|Any CPU
		{73E41509-C4C9-45CF-B64A-49BC2FE4C1CF}.Surface Graph Viewer - Release|iPhoneSimulator.ActiveCfg = Release|Any CPU
		{73E41509-C4C9-45CF-B64A-49BC2FE4C1CF}.Surface Graph Viewer - Release|iPhoneSimulator.Build.0 = Release|Any CPU
		{73E41509-C4C9-45CF-B64A-49BC2FE4C1CF}.Surface Graph Viewer - Release|x64.ActiveCfg = Release|Any CPU
		{73E41509-C4C9-45CF-B64A-49BC2FE4C1CF}.Surface Graph Viewer - Release|x64.Build.0 = Release|Any CPU
		{73E41509-C4C9-45CF-B64A-49BC2FE4C1CF}.Surface Graph Viewer - Release|x86.ActiveCfg = Release|Any CPU
		{73E41509-C4C9-45CF-B64A-49BC2FE4C1CF}.Surface Graph Viewer - Release|x86.Build.0 = Release|Any CPU
		{9FA75239-1D60-4AEB-9BDB-2D500558F16F}.CutRelease|Any CPU.ActiveCfg = Release|Any CPU
		{9FA75239-1D60-4AEB-9BDB-2D500558F16F}.CutRelease|Any CPU.Build.0 = Release|Any CPU
		{9FA75239-1D60-4AEB-9BDB-2D500558F16F}.CutRelease|iPhone.ActiveCfg = Release|Any CPU
		{9FA75239-1D60-4AEB-9BDB-2D500558F16F}.CutRelease|iPhone.Build.0 = Release|Any CPU
		{9FA75239-1D60-4AEB-9BDB-2D500558F16F}.CutRelease|iPhoneSimulator.ActiveCfg = Release|Any CPU
		{9FA75239-1D60-4AEB-9BDB-2D500558F16F}.CutRelease|iPhoneSimulator.Build.0 = Release|Any CPU
		{9FA75239-1D60-4AEB-9BDB-2D500558F16F}.CutRelease|x64.ActiveCfg = Release|Any CPU
		{9FA75239-1D60-4AEB-9BDB-2D500558F16F}.CutRelease|x64.Build.0 = Release|Any CPU
		{9FA75239-1D60-4AEB-9BDB-2D500558F16F}.CutRelease|x86.ActiveCfg = Release|Any CPU
		{9FA75239-1D60-4AEB-9BDB-2D500558F16F}.CutRelease|x86.Build.0 = Release|Any CPU
		{9FA75239-1D60-4AEB-9BDB-2D500558F16F}.Debug Surface Graph Viewer|Any CPU.ActiveCfg = Debug|Any CPU
		{9FA75239-1D60-4AEB-9BDB-2D500558F16F}.Debug Surface Graph Viewer|Any CPU.Build.0 = Debug|Any CPU
		{9FA75239-1D60-4AEB-9BDB-2D500558F16F}.Debug Surface Graph Viewer|iPhone.ActiveCfg = Debug|Any CPU
		{9FA75239-1D60-4AEB-9BDB-2D500558F16F}.Debug Surface Graph Viewer|iPhone.Build.0 = Debug|Any CPU
		{9FA75239-1D60-4AEB-9BDB-2D500558F16F}.Debug Surface Graph Viewer|iPhoneSimulator.ActiveCfg = Debug|Any CPU
		{9FA75239-1D60-4AEB-9BDB-2D500558F16F}.Debug Surface Graph Viewer|iPhoneSimulator.Build.0 = Debug|Any CPU
		{9FA75239-1D60-4AEB-9BDB-2D500558F16F}.Debug Surface Graph Viewer|x64.ActiveCfg = Debug|Any CPU
		{9FA75239-1D60-4AEB-9BDB-2D500558F16F}.Debug Surface Graph Viewer|x64.Build.0 = Debug|Any CPU
		{9FA75239-1D60-4AEB-9BDB-2D500558F16F}.Debug Surface Graph Viewer|x86.ActiveCfg = Debug|Any CPU
		{9FA75239-1D60-4AEB-9BDB-2D500558F16F}.Debug Surface Graph Viewer|x86.Build.0 = Debug|Any CPU
		{9FA75239-1D60-4AEB-9BDB-2D500558F16F}.Debug|Any CPU.ActiveCfg = Debug|Any CPU
		{9FA75239-1D60-4AEB-9BDB-2D500558F16F}.Debug|Any CPU.Build.0 = Debug|Any CPU
		{9FA75239-1D60-4AEB-9BDB-2D500558F16F}.Debug|iPhone.ActiveCfg = Debug|Any CPU
		{9FA75239-1D60-4AEB-9BDB-2D500558F16F}.Debug|iPhone.Build.0 = Debug|Any CPU
		{9FA75239-1D60-4AEB-9BDB-2D500558F16F}.Debug|iPhoneSimulator.ActiveCfg = Debug|Any CPU
		{9FA75239-1D60-4AEB-9BDB-2D500558F16F}.Debug|iPhoneSimulator.Build.0 = Debug|Any CPU
		{9FA75239-1D60-4AEB-9BDB-2D500558F16F}.Debug|x64.ActiveCfg = Debug|Any CPU
		{9FA75239-1D60-4AEB-9BDB-2D500558F16F}.Debug|x64.Build.0 = Debug|Any CPU
		{9FA75239-1D60-4AEB-9BDB-2D500558F16F}.Debug|x86.ActiveCfg = Debug|Any CPU
		{9FA75239-1D60-4AEB-9BDB-2D500558F16F}.Debug|x86.Build.0 = Debug|Any CPU
		{9FA75239-1D60-4AEB-9BDB-2D500558F16F}.DebugDevTrace|Any CPU.ActiveCfg = Debug|Any CPU
		{9FA75239-1D60-4AEB-9BDB-2D500558F16F}.DebugDevTrace|Any CPU.Build.0 = Debug|Any CPU
		{9FA75239-1D60-4AEB-9BDB-2D500558F16F}.DebugDevTrace|iPhone.ActiveCfg = Debug|Any CPU
		{9FA75239-1D60-4AEB-9BDB-2D500558F16F}.DebugDevTrace|iPhone.Build.0 = Debug|Any CPU
		{9FA75239-1D60-4AEB-9BDB-2D500558F16F}.DebugDevTrace|iPhoneSimulator.ActiveCfg = Debug|Any CPU
		{9FA75239-1D60-4AEB-9BDB-2D500558F16F}.DebugDevTrace|iPhoneSimulator.Build.0 = Debug|Any CPU
		{9FA75239-1D60-4AEB-9BDB-2D500558F16F}.DebugDevTrace|x64.ActiveCfg = Debug|Any CPU
		{9FA75239-1D60-4AEB-9BDB-2D500558F16F}.DebugDevTrace|x64.Build.0 = Debug|Any CPU
		{9FA75239-1D60-4AEB-9BDB-2D500558F16F}.DebugDevTrace|x86.ActiveCfg = Debug|Any CPU
		{9FA75239-1D60-4AEB-9BDB-2D500558F16F}.DebugDevTrace|x86.Build.0 = Debug|Any CPU
		{9FA75239-1D60-4AEB-9BDB-2D500558F16F}.DebugSurface|Any CPU.ActiveCfg = Debug|Any CPU
		{9FA75239-1D60-4AEB-9BDB-2D500558F16F}.DebugSurface|Any CPU.Build.0 = Debug|Any CPU
		{9FA75239-1D60-4AEB-9BDB-2D500558F16F}.DebugSurface|iPhone.ActiveCfg = Debug|Any CPU
		{9FA75239-1D60-4AEB-9BDB-2D500558F16F}.DebugSurface|iPhone.Build.0 = Debug|Any CPU
		{9FA75239-1D60-4AEB-9BDB-2D500558F16F}.DebugSurface|iPhoneSimulator.ActiveCfg = Debug|Any CPU
		{9FA75239-1D60-4AEB-9BDB-2D500558F16F}.DebugSurface|iPhoneSimulator.Build.0 = Debug|Any CPU
		{9FA75239-1D60-4AEB-9BDB-2D500558F16F}.DebugSurface|x64.ActiveCfg = Debug|Any CPU
		{9FA75239-1D60-4AEB-9BDB-2D500558F16F}.DebugSurface|x64.Build.0 = Debug|Any CPU
		{9FA75239-1D60-4AEB-9BDB-2D500558F16F}.DebugSurface|x86.ActiveCfg = Debug|Any CPU
		{9FA75239-1D60-4AEB-9BDB-2D500558F16F}.DebugSurface|x86.Build.0 = Debug|Any CPU
		{9FA75239-1D60-4AEB-9BDB-2D500558F16F}.DebugWithoutRebuild|Any CPU.ActiveCfg = Debug|Any CPU
		{9FA75239-1D60-4AEB-9BDB-2D500558F16F}.DebugWithoutRebuild|Any CPU.Build.0 = Debug|Any CPU
		{9FA75239-1D60-4AEB-9BDB-2D500558F16F}.DebugWithoutRebuild|iPhone.ActiveCfg = Debug|Any CPU
		{9FA75239-1D60-4AEB-9BDB-2D500558F16F}.DebugWithoutRebuild|iPhone.Build.0 = Debug|Any CPU
		{9FA75239-1D60-4AEB-9BDB-2D500558F16F}.DebugWithoutRebuild|iPhoneSimulator.ActiveCfg = Debug|Any CPU
		{9FA75239-1D60-4AEB-9BDB-2D500558F16F}.DebugWithoutRebuild|iPhoneSimulator.Build.0 = Debug|Any CPU
		{9FA75239-1D60-4AEB-9BDB-2D500558F16F}.DebugWithoutRebuild|x64.ActiveCfg = Debug|Any CPU
		{9FA75239-1D60-4AEB-9BDB-2D500558F16F}.DebugWithoutRebuild|x64.Build.0 = Debug|Any CPU
		{9FA75239-1D60-4AEB-9BDB-2D500558F16F}.DebugWithoutRebuild|x86.ActiveCfg = Debug|Any CPU
		{9FA75239-1D60-4AEB-9BDB-2D500558F16F}.DebugWithoutRebuild|x86.Build.0 = Debug|Any CPU
		{9FA75239-1D60-4AEB-9BDB-2D500558F16F}.MinimalMsagl|Any CPU.ActiveCfg = Release|Any CPU
		{9FA75239-1D60-4AEB-9BDB-2D500558F16F}.MinimalMsagl|Any CPU.Build.0 = Release|Any CPU
		{9FA75239-1D60-4AEB-9BDB-2D500558F16F}.MinimalMsagl|iPhone.ActiveCfg = Release|Any CPU
		{9FA75239-1D60-4AEB-9BDB-2D500558F16F}.MinimalMsagl|iPhone.Build.0 = Release|Any CPU
		{9FA75239-1D60-4AEB-9BDB-2D500558F16F}.MinimalMsagl|iPhoneSimulator.ActiveCfg = Release|Any CPU
		{9FA75239-1D60-4AEB-9BDB-2D500558F16F}.MinimalMsagl|iPhoneSimulator.Build.0 = Release|Any CPU
		{9FA75239-1D60-4AEB-9BDB-2D500558F16F}.MinimalMsagl|x64.ActiveCfg = Release|Any CPU
		{9FA75239-1D60-4AEB-9BDB-2D500558F16F}.MinimalMsagl|x64.Build.0 = Release|Any CPU
		{9FA75239-1D60-4AEB-9BDB-2D500558F16F}.MinimalMsagl|x86.ActiveCfg = Release|Any CPU
		{9FA75239-1D60-4AEB-9BDB-2D500558F16F}.MinimalMsagl|x86.Build.0 = Release|Any CPU
		{9FA75239-1D60-4AEB-9BDB-2D500558F16F}.Release|Any CPU.ActiveCfg = Release|Any CPU
		{9FA75239-1D60-4AEB-9BDB-2D500558F16F}.Release|Any CPU.Build.0 = Release|Any CPU
		{9FA75239-1D60-4AEB-9BDB-2D500558F16F}.Release|iPhone.ActiveCfg = Release|Any CPU
		{9FA75239-1D60-4AEB-9BDB-2D500558F16F}.Release|iPhone.Build.0 = Release|Any CPU
		{9FA75239-1D60-4AEB-9BDB-2D500558F16F}.Release|iPhoneSimulator.ActiveCfg = Release|Any CPU
		{9FA75239-1D60-4AEB-9BDB-2D500558F16F}.Release|iPhoneSimulator.Build.0 = Release|Any CPU
		{9FA75239-1D60-4AEB-9BDB-2D500558F16F}.Release|x64.ActiveCfg = Release|Any CPU
		{9FA75239-1D60-4AEB-9BDB-2D500558F16F}.Release|x64.Build.0 = Release|Any CPU
		{9FA75239-1D60-4AEB-9BDB-2D500558F16F}.Release|x86.ActiveCfg = Release|Any CPU
		{9FA75239-1D60-4AEB-9BDB-2D500558F16F}.Release|x86.Build.0 = Release|Any CPU
		{9FA75239-1D60-4AEB-9BDB-2D500558F16F}.Retail|Any CPU.ActiveCfg = Release|Any CPU
		{9FA75239-1D60-4AEB-9BDB-2D500558F16F}.Retail|Any CPU.Build.0 = Release|Any CPU
		{9FA75239-1D60-4AEB-9BDB-2D500558F16F}.Retail|iPhone.ActiveCfg = Release|Any CPU
		{9FA75239-1D60-4AEB-9BDB-2D500558F16F}.Retail|iPhone.Build.0 = Release|Any CPU
		{9FA75239-1D60-4AEB-9BDB-2D500558F16F}.Retail|iPhoneSimulator.ActiveCfg = Release|Any CPU
		{9FA75239-1D60-4AEB-9BDB-2D500558F16F}.Retail|iPhoneSimulator.Build.0 = Release|Any CPU
		{9FA75239-1D60-4AEB-9BDB-2D500558F16F}.Retail|x64.ActiveCfg = Release|Any CPU
		{9FA75239-1D60-4AEB-9BDB-2D500558F16F}.Retail|x64.Build.0 = Release|Any CPU
		{9FA75239-1D60-4AEB-9BDB-2D500558F16F}.Retail|x86.ActiveCfg = Release|Any CPU
		{9FA75239-1D60-4AEB-9BDB-2D500558F16F}.Retail|x86.Build.0 = Release|Any CPU
		{9FA75239-1D60-4AEB-9BDB-2D500558F16F}.Setup|Any CPU.ActiveCfg = Release|Any CPU
		{9FA75239-1D60-4AEB-9BDB-2D500558F16F}.Setup|Any CPU.Build.0 = Release|Any CPU
		{9FA75239-1D60-4AEB-9BDB-2D500558F16F}.Setup|iPhone.ActiveCfg = Release|Any CPU
		{9FA75239-1D60-4AEB-9BDB-2D500558F16F}.Setup|iPhone.Build.0 = Release|Any CPU
		{9FA75239-1D60-4AEB-9BDB-2D500558F16F}.Setup|iPhoneSimulator.ActiveCfg = Release|Any CPU
		{9FA75239-1D60-4AEB-9BDB-2D500558F16F}.Setup|iPhoneSimulator.Build.0 = Release|Any CPU
		{9FA75239-1D60-4AEB-9BDB-2D500558F16F}.Setup|x64.ActiveCfg = Release|Any CPU
		{9FA75239-1D60-4AEB-9BDB-2D500558F16F}.Setup|x64.Build.0 = Release|Any CPU
		{9FA75239-1D60-4AEB-9BDB-2D500558F16F}.Setup|x86.ActiveCfg = Release|Any CPU
		{9FA75239-1D60-4AEB-9BDB-2D500558F16F}.Setup|x86.Build.0 = Release|Any CPU
		{9FA75239-1D60-4AEB-9BDB-2D500558F16F}.Surface Graph Viewer - Debug|Any CPU.ActiveCfg = Debug|Any CPU
		{9FA75239-1D60-4AEB-9BDB-2D500558F16F}.Surface Graph Viewer - Debug|Any CPU.Build.0 = Debug|Any CPU
		{9FA75239-1D60-4AEB-9BDB-2D500558F16F}.Surface Graph Viewer - Debug|iPhone.ActiveCfg = Debug|Any CPU
		{9FA75239-1D60-4AEB-9BDB-2D500558F16F}.Surface Graph Viewer - Debug|iPhone.Build.0 = Debug|Any CPU
		{9FA75239-1D60-4AEB-9BDB-2D500558F16F}.Surface Graph Viewer - Debug|iPhoneSimulator.ActiveCfg = Debug|Any CPU
		{9FA75239-1D60-4AEB-9BDB-2D500558F16F}.Surface Graph Viewer - Debug|iPhoneSimulator.Build.0 = Debug|Any CPU
		{9FA75239-1D60-4AEB-9BDB-2D500558F16F}.Surface Graph Viewer - Debug|x64.ActiveCfg = Debug|Any CPU
		{9FA75239-1D60-4AEB-9BDB-2D500558F16F}.Surface Graph Viewer - Debug|x64.Build.0 = Debug|Any CPU
		{9FA75239-1D60-4AEB-9BDB-2D500558F16F}.Surface Graph Viewer - Debug|x86.ActiveCfg = Debug|Any CPU
		{9FA75239-1D60-4AEB-9BDB-2D500558F16F}.Surface Graph Viewer - Debug|x86.Build.0 = Debug|Any CPU
		{9FA75239-1D60-4AEB-9BDB-2D500558F16F}.Surface Graph Viewer - Release|Any CPU.ActiveCfg = Release|Any CPU
		{9FA75239-1D60-4AEB-9BDB-2D500558F16F}.Surface Graph Viewer - Release|Any CPU.Build.0 = Release|Any CPU
		{9FA75239-1D60-4AEB-9BDB-2D500558F16F}.Surface Graph Viewer - Release|iPhone.ActiveCfg = Release|Any CPU
		{9FA75239-1D60-4AEB-9BDB-2D500558F16F}.Surface Graph Viewer - Release|iPhone.Build.0 = Release|Any CPU
		{9FA75239-1D60-4AEB-9BDB-2D500558F16F}.Surface Graph Viewer - Release|iPhoneSimulator.ActiveCfg = Release|Any CPU
		{9FA75239-1D60-4AEB-9BDB-2D500558F16F}.Surface Graph Viewer - Release|iPhoneSimulator.Build.0 = Release|Any CPU
		{9FA75239-1D60-4AEB-9BDB-2D500558F16F}.Surface Graph Viewer - Release|x64.ActiveCfg = Release|Any CPU
		{9FA75239-1D60-4AEB-9BDB-2D500558F16F}.Surface Graph Viewer - Release|x64.Build.0 = Release|Any CPU
		{9FA75239-1D60-4AEB-9BDB-2D500558F16F}.Surface Graph Viewer - Release|x86.ActiveCfg = Release|Any CPU
		{9FA75239-1D60-4AEB-9BDB-2D500558F16F}.Surface Graph Viewer - Release|x86.Build.0 = Release|Any CPU
		{A7F6F1BD-82F0-413E-87C2-8431A23527AF}.CutRelease|Any CPU.ActiveCfg = Release|Any CPU
		{A7F6F1BD-82F0-413E-87C2-8431A23527AF}.CutRelease|Any CPU.Build.0 = Release|Any CPU
		{A7F6F1BD-82F0-413E-87C2-8431A23527AF}.CutRelease|iPhone.ActiveCfg = Release|Any CPU
		{A7F6F1BD-82F0-413E-87C2-8431A23527AF}.CutRelease|iPhone.Build.0 = Release|Any CPU
		{A7F6F1BD-82F0-413E-87C2-8431A23527AF}.CutRelease|iPhoneSimulator.ActiveCfg = Release|Any CPU
		{A7F6F1BD-82F0-413E-87C2-8431A23527AF}.CutRelease|iPhoneSimulator.Build.0 = Release|Any CPU
		{A7F6F1BD-82F0-413E-87C2-8431A23527AF}.CutRelease|x64.ActiveCfg = Release|Any CPU
		{A7F6F1BD-82F0-413E-87C2-8431A23527AF}.CutRelease|x64.Build.0 = Release|Any CPU
		{A7F6F1BD-82F0-413E-87C2-8431A23527AF}.CutRelease|x86.ActiveCfg = Release|Any CPU
		{A7F6F1BD-82F0-413E-87C2-8431A23527AF}.CutRelease|x86.Build.0 = Release|Any CPU
		{A7F6F1BD-82F0-413E-87C2-8431A23527AF}.Debug Surface Graph Viewer|Any CPU.ActiveCfg = Debug|Any CPU
		{A7F6F1BD-82F0-413E-87C2-8431A23527AF}.Debug Surface Graph Viewer|Any CPU.Build.0 = Debug|Any CPU
		{A7F6F1BD-82F0-413E-87C2-8431A23527AF}.Debug Surface Graph Viewer|iPhone.ActiveCfg = Debug|Any CPU
		{A7F6F1BD-82F0-413E-87C2-8431A23527AF}.Debug Surface Graph Viewer|iPhone.Build.0 = Debug|Any CPU
		{A7F6F1BD-82F0-413E-87C2-8431A23527AF}.Debug Surface Graph Viewer|iPhoneSimulator.ActiveCfg = Debug|Any CPU
		{A7F6F1BD-82F0-413E-87C2-8431A23527AF}.Debug Surface Graph Viewer|iPhoneSimulator.Build.0 = Debug|Any CPU
		{A7F6F1BD-82F0-413E-87C2-8431A23527AF}.Debug Surface Graph Viewer|x64.ActiveCfg = Debug|Any CPU
		{A7F6F1BD-82F0-413E-87C2-8431A23527AF}.Debug Surface Graph Viewer|x64.Build.0 = Debug|Any CPU
		{A7F6F1BD-82F0-413E-87C2-8431A23527AF}.Debug Surface Graph Viewer|x86.ActiveCfg = Debug|Any CPU
		{A7F6F1BD-82F0-413E-87C2-8431A23527AF}.Debug Surface Graph Viewer|x86.Build.0 = Debug|Any CPU
		{A7F6F1BD-82F0-413E-87C2-8431A23527AF}.Debug|Any CPU.ActiveCfg = Debug|Any CPU
		{A7F6F1BD-82F0-413E-87C2-8431A23527AF}.Debug|Any CPU.Build.0 = Debug|Any CPU
		{A7F6F1BD-82F0-413E-87C2-8431A23527AF}.Debug|iPhone.ActiveCfg = Debug|Any CPU
		{A7F6F1BD-82F0-413E-87C2-8431A23527AF}.Debug|iPhone.Build.0 = Debug|Any CPU
		{A7F6F1BD-82F0-413E-87C2-8431A23527AF}.Debug|iPhoneSimulator.ActiveCfg = Debug|Any CPU
		{A7F6F1BD-82F0-413E-87C2-8431A23527AF}.Debug|iPhoneSimulator.Build.0 = Debug|Any CPU
		{A7F6F1BD-82F0-413E-87C2-8431A23527AF}.Debug|x64.ActiveCfg = Debug|Any CPU
		{A7F6F1BD-82F0-413E-87C2-8431A23527AF}.Debug|x64.Build.0 = Debug|Any CPU
		{A7F6F1BD-82F0-413E-87C2-8431A23527AF}.Debug|x86.ActiveCfg = Debug|Any CPU
		{A7F6F1BD-82F0-413E-87C2-8431A23527AF}.Debug|x86.Build.0 = Debug|Any CPU
		{A7F6F1BD-82F0-413E-87C2-8431A23527AF}.DebugDevTrace|Any CPU.ActiveCfg = Debug|Any CPU
		{A7F6F1BD-82F0-413E-87C2-8431A23527AF}.DebugDevTrace|Any CPU.Build.0 = Debug|Any CPU
		{A7F6F1BD-82F0-413E-87C2-8431A23527AF}.DebugDevTrace|iPhone.ActiveCfg = Debug|Any CPU
		{A7F6F1BD-82F0-413E-87C2-8431A23527AF}.DebugDevTrace|iPhone.Build.0 = Debug|Any CPU
		{A7F6F1BD-82F0-413E-87C2-8431A23527AF}.DebugDevTrace|iPhoneSimulator.ActiveCfg = Debug|Any CPU
		{A7F6F1BD-82F0-413E-87C2-8431A23527AF}.DebugDevTrace|iPhoneSimulator.Build.0 = Debug|Any CPU
		{A7F6F1BD-82F0-413E-87C2-8431A23527AF}.DebugDevTrace|x64.ActiveCfg = Debug|Any CPU
		{A7F6F1BD-82F0-413E-87C2-8431A23527AF}.DebugDevTrace|x64.Build.0 = Debug|Any CPU
		{A7F6F1BD-82F0-413E-87C2-8431A23527AF}.DebugDevTrace|x86.ActiveCfg = Debug|Any CPU
		{A7F6F1BD-82F0-413E-87C2-8431A23527AF}.DebugDevTrace|x86.Build.0 = Debug|Any CPU
		{A7F6F1BD-82F0-413E-87C2-8431A23527AF}.DebugSurface|Any CPU.ActiveCfg = Debug|Any CPU
		{A7F6F1BD-82F0-413E-87C2-8431A23527AF}.DebugSurface|Any CPU.Build.0 = Debug|Any CPU
		{A7F6F1BD-82F0-413E-87C2-8431A23527AF}.DebugSurface|iPhone.ActiveCfg = Debug|Any CPU
		{A7F6F1BD-82F0-413E-87C2-8431A23527AF}.DebugSurface|iPhone.Build.0 = Debug|Any CPU
		{A7F6F1BD-82F0-413E-87C2-8431A23527AF}.DebugSurface|iPhoneSimulator.ActiveCfg = Debug|Any CPU
		{A7F6F1BD-82F0-413E-87C2-8431A23527AF}.DebugSurface|iPhoneSimulator.Build.0 = Debug|Any CPU
		{A7F6F1BD-82F0-413E-87C2-8431A23527AF}.DebugSurface|x64.ActiveCfg = Debug|Any CPU
		{A7F6F1BD-82F0-413E-87C2-8431A23527AF}.DebugSurface|x64.Build.0 = Debug|Any CPU
		{A7F6F1BD-82F0-413E-87C2-8431A23527AF}.DebugSurface|x86.ActiveCfg = Debug|Any CPU
		{A7F6F1BD-82F0-413E-87C2-8431A23527AF}.DebugSurface|x86.Build.0 = Debug|Any CPU
		{A7F6F1BD-82F0-413E-87C2-8431A23527AF}.DebugWithoutRebuild|Any CPU.ActiveCfg = Debug|Any CPU
		{A7F6F1BD-82F0-413E-87C2-8431A23527AF}.DebugWithoutRebuild|Any CPU.Build.0 = Debug|Any CPU
		{A7F6F1BD-82F0-413E-87C2-8431A23527AF}.DebugWithoutRebuild|iPhone.ActiveCfg = Debug|Any CPU
		{A7F6F1BD-82F0-413E-87C2-8431A23527AF}.DebugWithoutRebuild|iPhone.Build.0 = Debug|Any CPU
		{A7F6F1BD-82F0-413E-87C2-8431A23527AF}.DebugWithoutRebuild|iPhoneSimulator.ActiveCfg = Debug|Any CPU
		{A7F6F1BD-82F0-413E-87C2-8431A23527AF}.DebugWithoutRebuild|iPhoneSimulator.Build.0 = Debug|Any CPU
		{A7F6F1BD-82F0-413E-87C2-8431A23527AF}.DebugWithoutRebuild|x64.ActiveCfg = Debug|Any CPU
		{A7F6F1BD-82F0-413E-87C2-8431A23527AF}.DebugWithoutRebuild|x64.Build.0 = Debug|Any CPU
		{A7F6F1BD-82F0-413E-87C2-8431A23527AF}.DebugWithoutRebuild|x86.ActiveCfg = Debug|Any CPU
		{A7F6F1BD-82F0-413E-87C2-8431A23527AF}.DebugWithoutRebuild|x86.Build.0 = Debug|Any CPU
		{A7F6F1BD-82F0-413E-87C2-8431A23527AF}.MinimalMsagl|Any CPU.ActiveCfg = Release|Any CPU
		{A7F6F1BD-82F0-413E-87C2-8431A23527AF}.MinimalMsagl|Any CPU.Build.0 = Release|Any CPU
		{A7F6F1BD-82F0-413E-87C2-8431A23527AF}.MinimalMsagl|iPhone.ActiveCfg = Release|Any CPU
		{A7F6F1BD-82F0-413E-87C2-8431A23527AF}.MinimalMsagl|iPhone.Build.0 = Release|Any CPU
		{A7F6F1BD-82F0-413E-87C2-8431A23527AF}.MinimalMsagl|iPhoneSimulator.ActiveCfg = Release|Any CPU
		{A7F6F1BD-82F0-413E-87C2-8431A23527AF}.MinimalMsagl|iPhoneSimulator.Build.0 = Release|Any CPU
		{A7F6F1BD-82F0-413E-87C2-8431A23527AF}.MinimalMsagl|x64.ActiveCfg = Release|Any CPU
		{A7F6F1BD-82F0-413E-87C2-8431A23527AF}.MinimalMsagl|x64.Build.0 = Release|Any CPU
		{A7F6F1BD-82F0-413E-87C2-8431A23527AF}.MinimalMsagl|x86.ActiveCfg = Release|Any CPU
		{A7F6F1BD-82F0-413E-87C2-8431A23527AF}.MinimalMsagl|x86.Build.0 = Release|Any CPU
		{A7F6F1BD-82F0-413E-87C2-8431A23527AF}.Release|Any CPU.ActiveCfg = Release|Any CPU
		{A7F6F1BD-82F0-413E-87C2-8431A23527AF}.Release|Any CPU.Build.0 = Release|Any CPU
		{A7F6F1BD-82F0-413E-87C2-8431A23527AF}.Release|iPhone.ActiveCfg = Release|Any CPU
		{A7F6F1BD-82F0-413E-87C2-8431A23527AF}.Release|iPhone.Build.0 = Release|Any CPU
		{A7F6F1BD-82F0-413E-87C2-8431A23527AF}.Release|iPhoneSimulator.ActiveCfg = Release|Any CPU
		{A7F6F1BD-82F0-413E-87C2-8431A23527AF}.Release|iPhoneSimulator.Build.0 = Release|Any CPU
		{A7F6F1BD-82F0-413E-87C2-8431A23527AF}.Release|x64.ActiveCfg = Release|Any CPU
		{A7F6F1BD-82F0-413E-87C2-8431A23527AF}.Release|x64.Build.0 = Release|Any CPU
		{A7F6F1BD-82F0-413E-87C2-8431A23527AF}.Release|x86.ActiveCfg = Release|Any CPU
		{A7F6F1BD-82F0-413E-87C2-8431A23527AF}.Release|x86.Build.0 = Release|Any CPU
		{A7F6F1BD-82F0-413E-87C2-8431A23527AF}.Retail|Any CPU.ActiveCfg = Release|Any CPU
		{A7F6F1BD-82F0-413E-87C2-8431A23527AF}.Retail|Any CPU.Build.0 = Release|Any CPU
		{A7F6F1BD-82F0-413E-87C2-8431A23527AF}.Retail|iPhone.ActiveCfg = Release|Any CPU
		{A7F6F1BD-82F0-413E-87C2-8431A23527AF}.Retail|iPhone.Build.0 = Release|Any CPU
		{A7F6F1BD-82F0-413E-87C2-8431A23527AF}.Retail|iPhoneSimulator.ActiveCfg = Release|Any CPU
		{A7F6F1BD-82F0-413E-87C2-8431A23527AF}.Retail|iPhoneSimulator.Build.0 = Release|Any CPU
		{A7F6F1BD-82F0-413E-87C2-8431A23527AF}.Retail|x64.ActiveCfg = Release|Any CPU
		{A7F6F1BD-82F0-413E-87C2-8431A23527AF}.Retail|x64.Build.0 = Release|Any CPU
		{A7F6F1BD-82F0-413E-87C2-8431A23527AF}.Retail|x86.ActiveCfg = Release|Any CPU
		{A7F6F1BD-82F0-413E-87C2-8431A23527AF}.Retail|x86.Build.0 = Release|Any CPU
		{A7F6F1BD-82F0-413E-87C2-8431A23527AF}.Setup|Any CPU.ActiveCfg = Release|Any CPU
		{A7F6F1BD-82F0-413E-87C2-8431A23527AF}.Setup|Any CPU.Build.0 = Release|Any CPU
		{A7F6F1BD-82F0-413E-87C2-8431A23527AF}.Setup|iPhone.ActiveCfg = Release|Any CPU
		{A7F6F1BD-82F0-413E-87C2-8431A23527AF}.Setup|iPhone.Build.0 = Release|Any CPU
		{A7F6F1BD-82F0-413E-87C2-8431A23527AF}.Setup|iPhoneSimulator.ActiveCfg = Release|Any CPU
		{A7F6F1BD-82F0-413E-87C2-8431A23527AF}.Setup|iPhoneSimulator.Build.0 = Release|Any CPU
		{A7F6F1BD-82F0-413E-87C2-8431A23527AF}.Setup|x64.ActiveCfg = Release|Any CPU
		{A7F6F1BD-82F0-413E-87C2-8431A23527AF}.Setup|x64.Build.0 = Release|Any CPU
		{A7F6F1BD-82F0-413E-87C2-8431A23527AF}.Setup|x86.ActiveCfg = Release|Any CPU
		{A7F6F1BD-82F0-413E-87C2-8431A23527AF}.Setup|x86.Build.0 = Release|Any CPU
		{A7F6F1BD-82F0-413E-87C2-8431A23527AF}.Surface Graph Viewer - Debug|Any CPU.ActiveCfg = Debug|Any CPU
		{A7F6F1BD-82F0-413E-87C2-8431A23527AF}.Surface Graph Viewer - Debug|Any CPU.Build.0 = Debug|Any CPU
		{A7F6F1BD-82F0-413E-87C2-8431A23527AF}.Surface Graph Viewer - Debug|iPhone.ActiveCfg = Debug|Any CPU
		{A7F6F1BD-82F0-413E-87C2-8431A23527AF}.Surface Graph Viewer - Debug|iPhone.Build.0 = Debug|Any CPU
		{A7F6F1BD-82F0-413E-87C2-8431A23527AF}.Surface Graph Viewer - Debug|iPhoneSimulator.ActiveCfg = Debug|Any CPU
		{A7F6F1BD-82F0-413E-87C2-8431A23527AF}.Surface Graph Viewer - Debug|iPhoneSimulator.Build.0 = Debug|Any CPU
		{A7F6F1BD-82F0-413E-87C2-8431A23527AF}.Surface Graph Viewer - Debug|x64.ActiveCfg = Debug|Any CPU
		{A7F6F1BD-82F0-413E-87C2-8431A23527AF}.Surface Graph Viewer - Debug|x64.Build.0 = Debug|Any CPU
		{A7F6F1BD-82F0-413E-87C2-8431A23527AF}.Surface Graph Viewer - Debug|x86.ActiveCfg = Debug|Any CPU
		{A7F6F1BD-82F0-413E-87C2-8431A23527AF}.Surface Graph Viewer - Debug|x86.Build.0 = Debug|Any CPU
		{A7F6F1BD-82F0-413E-87C2-8431A23527AF}.Surface Graph Viewer - Release|Any CPU.ActiveCfg = Release|Any CPU
		{A7F6F1BD-82F0-413E-87C2-8431A23527AF}.Surface Graph Viewer - Release|Any CPU.Build.0 = Release|Any CPU
		{A7F6F1BD-82F0-413E-87C2-8431A23527AF}.Surface Graph Viewer - Release|iPhone.ActiveCfg = Release|Any CPU
		{A7F6F1BD-82F0-413E-87C2-8431A23527AF}.Surface Graph Viewer - Release|iPhone.Build.0 = Release|Any CPU
		{A7F6F1BD-82F0-413E-87C2-8431A23527AF}.Surface Graph Viewer - Release|iPhoneSimulator.ActiveCfg = Release|Any CPU
		{A7F6F1BD-82F0-413E-87C2-8431A23527AF}.Surface Graph Viewer - Release|iPhoneSimulator.Build.0 = Release|Any CPU
		{A7F6F1BD-82F0-413E-87C2-8431A23527AF}.Surface Graph Viewer - Release|x64.ActiveCfg = Release|Any CPU
		{A7F6F1BD-82F0-413E-87C2-8431A23527AF}.Surface Graph Viewer - Release|x64.Build.0 = Release|Any CPU
		{A7F6F1BD-82F0-413E-87C2-8431A23527AF}.Surface Graph Viewer - Release|x86.ActiveCfg = Release|Any CPU
		{A7F6F1BD-82F0-413E-87C2-8431A23527AF}.Surface Graph Viewer - Release|x86.Build.0 = Release|Any CPU
	EndGlobalSection
	GlobalSection(SolutionProperties) = preSolution
		HideSolutionNode = FALSE
	EndGlobalSection
	GlobalSection(ExtensibilityGlobals) = postSolution
		SolutionGuid = {6C22802C-5991-4567-8A8F-4049191EA778}
	EndGlobalSection
EndGlobal
